{
  "version": 4,
  "terraform_version": "1.11.3",
  "serial": 134,
  "lineage": "63d41733-128c-719e-dd71-c58a78151743",
  "outputs": {},
  "resources": [
    {
      "mode": "data",
      "type": "google_client_config",
      "name": "default",
      "provider": "provider[\"registry.terraform.io/hashicorp/google\"]",
      "instances": [
        {
          "schema_version": 0,
          "attributes": {
            "access_token": "ya29.c.c0ASRK0GYLggO3GZieKyA-5SZOfh-yOfxr2KwBKdFy-8M-frPk-97BFn9iQ2ZiyprkjIrFlqf_lfIp9WtBYQQEoh6h1LqiGPH1Abw64k5iKEAQ00sUzG610D6Ihhe35vCLRdsQINhp9HZYh42svtUNXVTbd6t9TTsQDFrkRrQHprneGbpTQRjW6OYSHwrX65LdACUnpAjVh1Q8-jyUBjToHKXTZMMxjc5ieupa6yurNxDyJNgM4r2EWTik4e6UAnwlhzCvP8rZnEgke9peFh3Z_YvRp7nwXudo1gb2cJlPM7vGrwZIPe1vNkA52i0fp2PkkThoxi5y9XyYHtQzelDUqapXSA36ukXoX74GgciGK6aclKOwScquGHmJXQH387CalVYMI48scmF4ucUS2piyB__wzm84QYcelnipo292oVJkbpa7IO7di-bO2Xljmr4bMqWVl0Sd3hxjvkZagY7_pJpZy2FOvn3Mg5sZ2pMsyisMFnRwmbZeSvvvskotgi-dk_wSMOhOBxwSkd51lbOzhfaQIulam3YztgJxxUw4zVmS5uQl14h_xbju6Y53Sw-d1nIM5Xnnup3z5lJuSvxvluMU9s0lQU6cii3cl_t4x3pJrFwior5uebmVyhi8wZF351bcXV4vQ7V09gyz29FomdJ4sBQOpcIO1nM-7tQarZlOFvtR8i7yoeoisjJ_rpjvO4ScvwhlBflMbxoeIq1tqVVRo1mhF1Wf9mpfZ9zfaF8exym5a6Fzu_lx9vbh9m58VRdwIehu3VlQqu6oB_1rrk-5S9JiwYeUW2isWFX77ix1pvJaZ0ngOiiWxm_u4J5I4jtZ1MOseo19zJyr-mpbZcu2qMUOjnVgi829wSOp5gsUxBxU9Odm6RSekMMtrYW4Ikr1n2x7y3fVbV1vRi4m73lkg_y0I-6VXx0Xiq0x8w4Bb6l2mtQ9eWXYlUfhVdIkor1qp_wp4xfugJBfOljhZyZXoazFnxWaqrixq26dRtzmskpRuVBM1ao",
            "default_labels": {},
            "id": "projects/carbonsaurus-dev/regions/asia-northeast3/zones/",
            "project": "carbonsaurus-dev",
            "region": "asia-northeast3",
            "zone": ""
          },
          "sensitive_attributes": [
            [
              {
                "type": "get_attr",
                "value": "access_token"
              }
            ]
          ]
        }
      ]
    },
    {
      "mode": "data",
      "type": "google_compute_zones",
      "name": "available",
      "provider": "provider[\"registry.terraform.io/hashicorp/google\"]",
      "instances": [
        {
          "schema_version": 0,
          "attributes": {
            "id": "projects/carbonsaurus-dev/regions/asia-northeast3",
            "names": [
              "asia-northeast3-a",
              "asia-northeast3-b",
              "asia-northeast3-c"
            ],
            "project": "carbonsaurus-dev",
            "region": "asia-northeast3",
            "status": null
          },
          "sensitive_attributes": []
        }
      ]
    },
    {
      "mode": "data",
      "type": "terraform_remote_state",
      "name": "base_iam",
      "provider": "provider[\"terraform.io/builtin/terraform\"]",
      "instances": [
        {
          "schema_version": 0,
          "attributes": {
            "backend": "gcs",
            "config": {
              "value": {
                "bucket": "carbonsaurus-dev-devops-bucket",
                "prefix": "terraform/common/gcp/carbontrack_renewal.tfstate"
              },
              "type": [
                "object",
                {
                  "bucket": "string",
                  "prefix": "string"
                }
              ]
            },
            "defaults": null,
            "outputs": {
              "value": {
                "cloud_sql_proxy_sa_key_private_key_data": "ewogICJ0eXBlIjogInNlcnZpY2VfYWNjb3VudCIsCiAgInByb2plY3RfaWQiOiAiY2FyYm9uc2F1cnVzLWRldiIsCiAgInByaXZhdGVfa2V5X2lkIjogImRiNWNlYmJmYjk4NzJmYzcwNDgxOWI1MTZmOTRmMzA0OTYwMDE4ZTEiLAogICJwcml2YXRlX2tleSI6ICItLS0tLUJFR0lOIFBSSVZBVEUgS0VZLS0tLS1cbk1JSUV2UUlCQURBTkJna3Foa2lHOXcwQkFRRUZBQVNDQktjd2dnU2pBZ0VBQW9JQkFRQ2lwUDA2d21iSmZaTXJcbmduNytzdzZlSUdoUFBQN2hGWWRobXgyTmFWZzc2dW4yZCt4TWh5UlgzMC8vVnZrcisydlRRakVhWUVzSCtGVFVcblBoVkFTc2V3T3VzUGhKdTdrKzhFMDNJQ3l5SWZYZmJhOEdFZDgzNVhoV1hkRlYvemdRbHVzY0IvY3ppUFlnVVFcbkwrNnliVC9MaU9VY0ZSYTNMdGt4aW5CLzNmL1FnbmxqcVA4dFBRMFovUWtMOVdyaFYrUUNaVDFteDZDL2UxdGZcbkxSdVRUazV5aEN4ZFFVaUdUZmlKSkJnYSt1U21aK0JmdDhPQzdjNC9GS3RUbU01M2NaQnJqMlFpOTNaZ2dPWHJcbnNmMEZxVzFveHlDc2ViZ0RlcmswUjZOL0p3NmtNSENraFBwcDJYb1hHQUV2MGlqVE16TVlISEY5bFJjRnBOa1Bcbm1HZzVkNG9KQWdNQkFBRUNnZ0VBUzZwSUtNTHlBTUVMNjR6OU9jN2hlUTBJbWZ4OWN3ZUtBUTJoMVB6eVVJVzhcbkxLNmozd0pzRlBsT0JUTllIbThNUGE4b211VzdZa3pVWWgwejA4STJYalU2ei9CWVp3NnVmdWREdmlyMGgvVTFcbjk2c204MEVwUU54TmhHb0NSbzE4YnVRQTh3b09nUjRQenZVTnJqS0hJRkJpamdyOWsyRVhLQ1lJcW1RRU0rTVFcbjZ5ODVEUkN6aTIvUEpsNk1LYXVyY3A1djBzRlo2M0FmYWhPUEtpVEVhRjZYWmVFQU5FTkJ3M0dFRlFFNUI5eUJcbjlUVEZIbE9oZ1JZVS9UUmVqYTRWZUFla1B2RHEwTiswV1Bkd2VDekZ3blhkbnRhdFB0d1lzZEZKWWg1enk3VUdcbkwvYy9SNndZeHU2V3BxOWVtZjE2UlVsdnZHTUtyVllxckhuRUcvd05wUUtCZ1FEYmRaSEVpbUFqUnJsWDErYy9cbjk5bXZYYUF4aVJKZUVFamhrVEoxeno1b0xjbGVhTDgxeDdpcWlNd0k4RHdEYzFrWFR0MHExaDFEeWZmQmF6aWhcbnVaSVpQa2FRcFdtdHlyZEtDNGdtNGVDazFtMEg1THJhTW1oNktpR0E0UzV4Q1NrZHJkbkFTcFlEVTQrajhOUmZcbnB4eG9BRllNMzF5eis1Z0Y4ZENhZE03d3V3S0JnUUM5dWJJUS91UHRma3d0RlZmMXNZUGZUS3FnbVhvVGxQbUJcbnliam8xdUVSVjFwanlVTlBGRXlHRyt5T0NJVGdacXk3b2taUDNsS0M0TG5BTVErWWl5Y2k5WmI2YVY0TEVmTStcbndNM3MwRUVTWmwvVzNLOFNidEFhUTRuNy81Q1JPbFAxcFMrVUc1ZFMrQ3JGdEVvMVJoVjI2VzNOT3kxblhEcElcbmQrbTBMWWQyQ3dLQmdDaW91WjcrUEIyTkJ0MjloSHlYZ044NnEybENDZ01mWlVGVlUxSDhXWVdYcGcwMXZ1ZEpcbjMyN0k5WFJhZmVQdHhQM0tnTE5sQS9zQk9rTzloN3ArMVJDVU55S3BZdER1RTlOR0c2MklmOFJLYmR6ZWhiZlRcblN3UUhOam5ZZm5BMjBFVk5abUIzOFI4Z3BpWXJnazFPZXJiU0NSOU5hckYxMVk2VVpKK1pNSlh0QW9HQkFKNXpcbmppSGZudUJrVUo1K2F0M0ppY2Rlc2tvNm85ZmkzWmJsc0ViVjMxYXFTOVYyNjM0S0IvY2hMeWxZT0JGcDd1MHVcbkUrYjBXSmp4c25DdkNNVnZ3aG5TWG10NHdKQWlSN0tyTjlDR0JUS215WGdiQ3lRcjVDVnJMcnlGcm1sNyswNzJcbnpJdTNsMlExMnhNUEJjTUVhenpLcTJkeCt2T045U2M4N3JRS0trNE5Bb0dBYjl0L0UvUU9VczAvTUV2WTJZcStcbmd0d3lkbVA0ck42MnZ1OTNjak5YWUFmZTZYcjVibzhpTGM1YmRpT1NhNGR1aGcxeVhzdTE0WWdOL1pGbHU2TEZcbmdSUTdjVUNVY1ZGV3VLNWRzbS8weU9IUC9nS0NuR2xXY0gyamFVV2ExT2tqTVBKcy9mbVFvdCtyT2xrRmhxU1dcblVIdU1WVFhzQ1FZYXNxQ3hVY3ZlV1VzPVxuLS0tLS1FTkQgUFJJVkFURSBLRVktLS0tLVxuIiwKICAiY2xpZW50X2VtYWlsIjogImNsb3VkLXNxbC1wcm94eS1zYUBjYXJib25zYXVydXMtZGV2LmlhbS5nc2VydmljZWFjY291bnQuY29tIiwKICAiY2xpZW50X2lkIjogIjEwMTE1Mjk5MjQ4OTc2ODU1Mzk4NCIsCiAgImF1dGhfdXJpIjogImh0dHBzOi8vYWNjb3VudHMuZ29vZ2xlLmNvbS9vL29hdXRoMi9hdXRoIiwKICAidG9rZW5fdXJpIjogImh0dHBzOi8vb2F1dGgyLmdvb2dsZWFwaXMuY29tL3Rva2VuIiwKICAiYXV0aF9wcm92aWRlcl94NTA5X2NlcnRfdXJsIjogImh0dHBzOi8vd3d3Lmdvb2dsZWFwaXMuY29tL29hdXRoMi92MS9jZXJ0cyIsCiAgImNsaWVudF94NTA5X2NlcnRfdXJsIjogImh0dHBzOi8vd3d3Lmdvb2dsZWFwaXMuY29tL3JvYm90L3YxL21ldGFkYXRhL3g1MDkvY2xvdWQtc3FsLXByb3h5LXNhJTQwY2FyYm9uc2F1cnVzLWRldi5pYW0uZ3NlcnZpY2VhY2NvdW50LmNvbSIsCiAgInVuaXZlcnNlX2RvbWFpbiI6ICJnb29nbGVhcGlzLmNvbSIKfQo=",
                "cloud_sql_proxy_service_account": "cloud-sql-proxy-sa@carbonsaurus-dev.iam.gserviceaccount.com",
                "external_es_key_private_key_data": "ewogICJ0eXBlIjogInNlcnZpY2VfYWNjb3VudCIsCiAgInByb2plY3RfaWQiOiAiY2FyYm9uc2F1cnVzLWRldiIsCiAgInByaXZhdGVfa2V5X2lkIjogImQ5MjRlZDBlYzNhMjExNDNlNWNmOWIxZjJhMDg0M2JjYzYxMTNiZGMiLAogICJwcml2YXRlX2tleSI6ICItLS0tLUJFR0lOIFBSSVZBVEUgS0VZLS0tLS1cbk1JSUV2UUlCQURBTkJna3Foa2lHOXcwQkFRRUZBQVNDQktjd2dnU2pBZ0VBQW9JQkFRRG93N2JyQkp4cTB4NllcblRQRzRYREZUYS80dmJJcXR2cUVGMy90VW1ucjlFaHAvaUFtdlNXYVd6UU4zdVYxYnBRcityKzYyYi8xRUZiZUhcbjFsWDR2dDR3T0cxdWFQZk1rRGlEU21GclF4eGVZUlZPdjJEOGRBcEtEL3hzSk1vZmltV0dCU2NTcEhqN1B6UmRcblUyYTFCemdsMVlMVUluUW1MTkkwR2VpWUlnTjJvV3J4QVhDTU5WSlVYa1p1RGJjMDRHWnVxcGVWbUx0VWI4SUZcblB0SlpvKzU2d2VlNXRONFRqcmQxR3ppSzJrN2F6RlJWc2t6bDlGS3dWNkVGajhHVlAxVVNDZXdJdnQ2Qi93endcbkYyektTMnJQby9kb1ZoY05nT2ZCckN5dWtGTmFBODZMZ1gzTTlWY1hKTGtVdk5lUUlPNUdqbzRTQmhlK3ZyS1ZcblRzWTM5eGRGQWdNQkFBRUNnZ0VBTmtKcldVbERvalpSTnowV2l2eTR4ZUxTaCtFVVNkQzZqaGxLcUF2ejJCc1lcbmdMcW9VVXQ1eGZVSUZpaG9qaVRBMWFLUzhjWFU0d0p4L0ZFWFRPdEhkYk90dE5OMDBtT2JQT1hCcEdTcVVBanZcbkUrS1NlLzhiNSt4bWtob1lZUFpjMkx0S1FyTUMvY1NiMHhhT1JteG1weEVvMUlVc2tMcVpqS291ZVlwU1J0eURcbnJGU1pzNUIySDQ1cCtLK0ZHMzh3WVIyMGJPZ3owZjVNYStPeHkvSGZPM2pMVC9jd2Q2aktPQ2M0NGhmS1Q2NGhcbmkyanVmMGdZWUZvc1RXOWFsQ2R3TW8rKzg4TTRoWGhybnUxWmt6b0EzS0FpSnJUVTQ5dElpSGI2U2FjdW5PckdcbnN6QzdBQmFOUXRyeDJDV3FzMGlHVFpDS2FJY3RWaEdzQkIyY2RBUENFUUtCZ1FEN0NYSUV1Y1l4TmhFa1drVkVcblA5WDJJZEphWGNUWUdwSURoTnE0TkJUODRiN3BUbVltQTJ5QVNXQnpuM0FoTXRUNkpjWDB2ci96UUVyOFNTTStcbm9FVGozUFUzUTZmeWJBVm91VlZxQ1BRcVIxbGlRMU9VWk1CbGFFQUlHU3ZtVXcyN0hOWnpiVGpmOTNzZE4xazFcblpoS2pCbE53UHpHR0R1cUt3Uk8rOGtMVDlRS0JnUUR0WGNuWC9tS0VRWjdBWkJsamVDUmllcDFub2RqQ2szZStcbi9pSVg2bXVZb0FsZWlGc0thTCtaUjR3TTNVdE1BZk8wTWtsT0YxblkyTWljcGlTVkIzZ2pkcWorQmRDRWNPSHVcbjNEbUt6S1JleDl2Zml6eGUyTERSY2tCNWFkUTAvWVZERTdpU241OEVmSjlXY3BmRFBrcE90OVVBQ1hUZ2JHKzFcbmQybG9BZ3gwRVFLQmdCTnplZWd2MU5GL1ZQaXlIZWZaNG1ROTNxU3QyMUM3VGxFRGZFY0ZraEsrRXlMVXRrbC9cbnZtcDZSUVR3ZDZtNjNKRzlWNGROT0daS3R3U3hUZy9PTDBoUW1KZDlvSWZDSXZFb1d4dnFNYkVNOGpvUTZXcjRcbkc0Zy8rYVltL1NYTmphVFA2VFhzWXBuSC9Ud1lTOHM5YTNoQ1J6ak5UTE1NZU5QamZmb3ZuMG41QW9HQUgzV2tcbndObllXTXNSclZJWEExWHpESkpQdG1KL0JocmhiaERrbCtMYjY5aWFKVXRSTmFuNGF1cE9wNDNVNHZnSFFzUy9cbmJuZ3QwazI1R1BuME0wUlFLZk1hSnNEQ2lDc2w1ckNOZDlYem14UkdFZlMwUmFYV21ZdlkrNzZJLzVUeVNwZWNcbmlPSmJBdzg1VnczTkMzV0FCN3Jab2kyZXJmZnhQazNiVEl1bzl1RUNnWUVBaHNBN01xdWpmZ0dxYlFHQUZFdWNcbnZGTXluSjM4aDdMSjR0ZDVEdGVrY1N2S2ZXZm0zVDNnYU1vdXNPZlQ1S0RUNi82SHpMVzdjZ1RSakRqelhpellcbkYwYTR0M2M5cG9oUXpFTjgrTjMrMjVhV0VscEhIVFFoY2J5RkFncWVFVEhjR25kQituKzlUUnRwL042N0tRZ1hcblNtNXFaQ3hpd0xmbFV1U0ZZVjZCY25jPVxuLS0tLS1FTkQgUFJJVkFURSBLRVktLS0tLVxuIiwKICAiY2xpZW50X2VtYWlsIjogImV4dGVybmFsLXNlY3JldHMtc2FAY2FyYm9uc2F1cnVzLWRldi5pYW0uZ3NlcnZpY2VhY2NvdW50LmNvbSIsCiAgImNsaWVudF9pZCI6ICIxMTMxNTk0OTUwMTUzNzIzMzEwODAiLAogICJhdXRoX3VyaSI6ICJodHRwczovL2FjY291bnRzLmdvb2dsZS5jb20vby9vYXV0aDIvYXV0aCIsCiAgInRva2VuX3VyaSI6ICJodHRwczovL29hdXRoMi5nb29nbGVhcGlzLmNvbS90b2tlbiIsCiAgImF1dGhfcHJvdmlkZXJfeDUwOV9jZXJ0X3VybCI6ICJodHRwczovL3d3dy5nb29nbGVhcGlzLmNvbS9vYXV0aDIvdjEvY2VydHMiLAogICJjbGllbnRfeDUwOV9jZXJ0X3VybCI6ICJodHRwczovL3d3dy5nb29nbGVhcGlzLmNvbS9yb2JvdC92MS9tZXRhZGF0YS94NTA5L2V4dGVybmFsLXNlY3JldHMtc2ElNDBjYXJib25zYXVydXMtZGV2LmlhbS5nc2VydmljZWFjY291bnQuY29tIiwKICAidW5pdmVyc2VfZG9tYWluIjogImdvb2dsZWFwaXMuY29tIgp9Cg==",
                "external_secret_service_account": "external-secrets-sa@carbonsaurus-dev.iam.gserviceaccount.com",
                "gcr_sa_key_private_key_data": "ewogICJ0eXBlIjogInNlcnZpY2VfYWNjb3VudCIsCiAgInByb2plY3RfaWQiOiAiY2FyYm9uc2F1cnVzLWRldiIsCiAgInByaXZhdGVfa2V5X2lkIjogImRjZDA4ZGUzYmUyZmIzMmIyMTNiYzU2OTA2NmY3ZmRkNzQ0NmViMzkiLAogICJwcml2YXRlX2tleSI6ICItLS0tLUJFR0lOIFBSSVZBVEUgS0VZLS0tLS1cbk1JSUV2Z0lCQURBTkJna3Foa2lHOXcwQkFRRUZBQVNDQktnd2dnU2tBZ0VBQW9JQkFRQ2EwcUJVVUd4VmV3cEFcbnpDdnkxVlpEWHA0U3ZySEJ4cXY4eUxXbkRwUUY3RG1PM0hMeVJETUFqMHEvV2x0OGNROUlNcU1XN0IwYUNnczVcbm9TRG1jNm5BOEpRLzlaazlXVjYzNXlJVmVZVng2WlVxUm9uelRyamNIcHg4cU4zbTV5RjVYRmZmaGhsbHJyQ2dcbmFhWjdOK2w5anF4dkJ5dWoxb0JqQXo3MzRBeldLT0JMR0R5VGF0OWRSQXRlejNLMmRiZnl3KzJBVUFDU1FtNWRcbkZmVXVkOXJOd3JQSDhwdUNUTFZTYkNmNzRSR0pSSSsxSnAyV3JkV0ZCRHN6TC95R1Q3ZXk0bmZkdk1tblpJVkJcblBtVFVLa0FWQ29rY2ZRaDU2ODFuaGpvTEFlMGQ1OElwSWEvN0ZDSzdSdDRTSmxHSHZFN3FoMFZnSWl5TWRBSFlcbnlBUDVQaFI5QWdNQkFBRUNnZ0VBRDVnUmNBeWRyTXAwME92L3JUalJ0SDF1UElNYWttTDVaYit0bEVNQ284b1VcblRoQmtQNFNoQW5oc1ZmTzY3VURTQWpxZmRLcVpqOHJkTUpQTEpZc1cyUWtpVllMZVNYQ2IrcmY4RmQra2trR3RcbnRaRmZTYk52S1RTb0hHSkIzNFQrT1NRVThiMm5CemZlTUhvVHU2dDVDQjE3dnI4aEpTSncwZ2c4cW1qVndpZzVcbmxCM1MzNU9LSmN3cFlaKy9GK0tTa2w2NU1VbFlwMitjQWVkdlkvTXlXNjZ1aDJSVEJMY0N0VGoyMWsvWHdUKzdcbmNjSlJ5SzR3NVRwV3RhUWtxTlFyYit0K0h1M2Nqak5HNUt1TW1RVUN6T1J3RXFadG1aMnpLTWNrRlg0Wnl6aW9cbkpjQkprSG1PL291NHUvVjBCbU40Qm96MUVkWkZLM1NpSTgxZXVmczFQUUtCZ1FEWmdyTm1xdnc4ZUowa3djYnhcbjR5NXk4bTdpdHRDZ1YxTHhWUmxTb2ljVndMVDM1cmJaeiswdHpBU0dGQmFBSE5PYm1KTFpSYTIzZUZkVGVrVUlcbnZ3WEtrblptWmQyaEVucWFrangzSnY4aGplUUVSQWI0Z3lOeCtuaDdUK085NEdiVXRNbTdDbVRDM0M2RlVEUXFcbkFvak4xSzdJSnZZTTFWWUZGRmlSWkZ5ek53S0JnUUMyT0NYa2pWRTJJcWNDbjFEL2JJN04rMGR5VmF4eFlWdTJcbk52azE4WTF6blF5M3BsUktLMHRZcXRWMTlHaG9nVWw4UVpXYmVwMVJPYnNqL1lkakgyaDU1dDlUcHh2ZlVmR1hcbmlYejVMREhWNUpzWlZxTnRkemVOeVFodjhLc3ZUaW1UZ05DRWp5Uy8ybFgvemRnL3BodWpJcHNJenNlM2pyYkRcbjcwNzNiMkYzNndLQmdFejdXRGxmRE5UdUwxZmlDV0owOEd5WVp5eHdYWmhTTDdYZ1U0ME9mTnpURG5tcXUwNk5cbnE3a0l1eFVsS08yQXhsZ01nUFRMRjNlVzdQbExqZ0ZSY21CR3hBYnJ5S3dJV1VJNXZaTENSNHY5cHhUbmFyd3JcbjFiQ3lZRS9zYjRNMVY4K3lpSzlkTjFwTUNWNy9pdWJQYk5IRWszT2Ribm9PUzFxUzMrSGRibjJ6QW9HQkFMTVpcbmh1MFlsVXp2VEZZQWYxMCt0ekh3SEM1ZDFPdHY5UE9wSHRPTmd5bXlvRkJWMUowOTVvWFZDNUF2VlB2NnIxN0pcbkc2SkJKeVV4NkNXY3lKaDl3M09sbjdZYUZ3UXVCNWFaVlZPWHc3Zm5SU2JuaUNSTXZEYkk5RmtLSlVlT3ZNQzFcbktMNVI3NTMrbk82YnhVUHlJVkg3N29QK3NrQlJyb1B3MEIzVnhPaFhBb0dCQUxub1NRbmNZdk83SHo5ME94Nk9cbmg4K0ZmaHkyYzJSbGFIQm9ROVBvMElmazZkcnBvQUQwY1V3OU1jSnp0NE5TMTJueTgzSmZXSUNWamNCL1JWVndcbktiRTN3SjhlUkpqQmNWRTlLckZ5a0dMZE9ZV1ZEaUlqczZrNmx6K01FdEt4SFVueS9POEZIa3RaVXhFcmY1TGhcbiswYStBWXF3Y0hMUVpDeDVkemFKRG80b1xuLS0tLS1FTkQgUFJJVkFURSBLRVktLS0tLVxuIiwKICAiY2xpZW50X2VtYWlsIjogImdjci1zYUBjYXJib25zYXVydXMtZGV2LmlhbS5nc2VydmljZWFjY291bnQuY29tIiwKICAiY2xpZW50X2lkIjogIjExNzc3NDUzNDE2Nzk0MDU5ODYzOCIsCiAgImF1dGhfdXJpIjogImh0dHBzOi8vYWNjb3VudHMuZ29vZ2xlLmNvbS9vL29hdXRoMi9hdXRoIiwKICAidG9rZW5fdXJpIjogImh0dHBzOi8vb2F1dGgyLmdvb2dsZWFwaXMuY29tL3Rva2VuIiwKICAiYXV0aF9wcm92aWRlcl94NTA5X2NlcnRfdXJsIjogImh0dHBzOi8vd3d3Lmdvb2dsZWFwaXMuY29tL29hdXRoMi92MS9jZXJ0cyIsCiAgImNsaWVudF94NTA5X2NlcnRfdXJsIjogImh0dHBzOi8vd3d3Lmdvb2dsZWFwaXMuY29tL3JvYm90L3YxL21ldGFkYXRhL3g1MDkvZ2NyLXNhJTQwY2FyYm9uc2F1cnVzLWRldi5pYW0uZ3NlcnZpY2VhY2NvdW50LmNvbSIsCiAgInVuaXZlcnNlX2RvbWFpbiI6ICJnb29nbGVhcGlzLmNvbSIKfQo=",
                "gcr_service_account": "gcr-sa@carbonsaurus-dev.iam.gserviceaccount.com",
                "gke_service_account": "gke-node-sa@carbonsaurus-dev.iam.gserviceaccount.com"
              },
              "type": [
                "object",
                {
                  "cloud_sql_proxy_sa_key_private_key_data": "string",
                  "cloud_sql_proxy_service_account": "string",
                  "external_es_key_private_key_data": "string",
                  "external_secret_service_account": "string",
                  "gcr_sa_key_private_key_data": "string",
                  "gcr_service_account": "string",
                  "gke_service_account": "string"
                }
              ]
            },
            "workspace": null
          },
          "sensitive_attributes": []
        }
      ]
    },
    {
      "mode": "data",
      "type": "terraform_remote_state",
      "name": "devops",
      "provider": "provider[\"terraform.io/builtin/terraform\"]",
      "instances": [
        {
          "schema_version": 0,
          "attributes": {
            "backend": "gcs",
            "config": {
              "value": {
                "bucket": "carbonsaurus-dev-devops-bucket",
                "prefix": "terraform/dev/devops/terraform.tfstate"
              },
              "type": [
                "object",
                {
                  "bucket": "string",
                  "prefix": "string"
                }
              ]
            },
            "defaults": null,
            "outputs": {
              "value": {},
              "type": [
                "object",
                {}
              ]
            },
            "workspace": null
          },
          "sensitive_attributes": []
        }
      ]
    },
    {
      "mode": "managed",
      "type": "google_compute_global_address",
      "name": "ingress_static_ip",
      "provider": "provider[\"registry.terraform.io/hashicorp/google\"]",
      "instances": [
        {
          "schema_version": 0,
          "attributes": {
            "address": "35.201.112.228",
            "address_type": "EXTERNAL",
            "creation_timestamp": "2025-03-19T16:50:18.284-07:00",
            "description": "",
            "effective_labels": {
              "goog-terraform-provisioned": "true"
            },
            "id": "projects/carbonsaurus-dev/global/addresses/carbon-re-dev-static-ip",
            "ip_version": "",
            "label_fingerprint": "vezUS-42LLM=",
            "labels": {},
            "name": "carbon-re-dev-static-ip",
            "network": "",
            "prefix_length": 0,
            "project": "carbonsaurus-dev",
            "purpose": "",
            "self_link": "https://www.googleapis.com/compute/v1/projects/carbonsaurus-dev/global/addresses/carbon-re-dev-static-ip",
            "terraform_labels": {
              "goog-terraform-provisioned": "true"
            },
            "timeouts": null
          },
          "sensitive_attributes": [],
          "private": "eyJlMmJmYjczMC1lY2FhLTExZTYtOGY4OC0zNDM2M2JjN2M0YzAiOnsiY3JlYXRlIjoxMjAwMDAwMDAwMDAwLCJkZWxldGUiOjEyMDAwMDAwMDAwMDAsInVwZGF0ZSI6MTIwMDAwMDAwMDAwMH19"
        }
      ]
    },
    {
      "mode": "managed",
      "type": "google_dns_managed_zone",
      "name": "dev_carbontrack_app_zone",
      "provider": "provider[\"registry.terraform.io/hashicorp/google\"]",
      "instances": [
        {
          "schema_version": 0,
          "attributes": {
            "cloud_logging_config": [
              {
                "enable_logging": false
              }
            ],
            "creation_time": "2025-03-19T23:50:18.707Z",
            "description": "Managed zone for carbonsaurus.net",
            "dns_name": "carbonsaurus.net.",
            "dnssec_config": [],
            "effective_labels": {
              "env": "dev",
              "goog-terraform-provisioned": "true",
              "project": "carbon-re"
            },
            "force_destroy": false,
            "forwarding_config": [],
            "id": "projects/carbonsaurus-dev/managedZones/carbonsaurus-net-zone",
            "labels": {
              "env": "dev",
              "project": "carbon-re"
            },
            "managed_zone_id": 99672936188221271,
            "name": "carbonsaurus-net-zone",
            "name_servers": [
              "ns-cloud-e1.googledomains.com.",
              "ns-cloud-e2.googledomains.com.",
              "ns-cloud-e3.googledomains.com.",
              "ns-cloud-e4.googledomains.com."
            ],
            "peering_config": [],
            "private_visibility_config": [],
            "project": "carbonsaurus-dev",
            "terraform_labels": {
              "env": "dev",
              "goog-terraform-provisioned": "true",
              "project": "carbon-re"
            },
            "timeouts": null,
            "visibility": "public"
          },
          "sensitive_attributes": [],
          "private": "eyJlMmJmYjczMC1lY2FhLTExZTYtOGY4OC0zNDM2M2JjN2M0YzAiOnsiY3JlYXRlIjoxMjAwMDAwMDAwMDAwLCJkZWxldGUiOjEyMDAwMDAwMDAwMDAsInVwZGF0ZSI6MTIwMDAwMDAwMDAwMH19"
        }
      ]
    },
    {
      "mode": "managed",
      "type": "google_dns_record_set",
      "name": "account_api",
      "provider": "provider[\"registry.terraform.io/hashicorp/google\"]",
      "instances": [
        {
          "schema_version": 0,
          "attributes": {
            "id": "projects/carbonsaurus-dev/managedZones/carbonsaurus-net-zone/rrsets/account-api.carbonsaurus.net./A",
            "managed_zone": "carbonsaurus-net-zone",
            "name": "account-api.carbonsaurus.net.",
            "project": "carbonsaurus-dev",
            "routing_policy": [],
            "rrdatas": [
              "35.201.112.228"
            ],
            "ttl": 300,
            "type": "A"
          },
          "sensitive_attributes": [],
          "private": "bnVsbA==",
          "dependencies": [
            "google_compute_global_address.ingress_static_ip",
            "google_dns_managed_zone.dev_carbontrack_app_zone"
          ]
        }
      ]
    },
    {
      "mode": "managed",
      "type": "google_dns_record_set",
      "name": "dev_carbontrack_app_a_record",
      "provider": "provider[\"registry.terraform.io/hashicorp/google\"]",
      "instances": [
        {
          "schema_version": 0,
          "attributes": {
            "id": "projects/carbonsaurus-dev/managedZones/carbonsaurus-net-zone/rrsets/carbonsaurus.net./A",
            "managed_zone": "carbonsaurus-net-zone",
            "name": "carbonsaurus.net.",
            "project": "carbonsaurus-dev",
            "routing_policy": [],
            "rrdatas": [
              "35.201.112.228"
            ],
            "ttl": 300,
            "type": "A"
          },
          "sensitive_attributes": [],
          "private": "bnVsbA==",
          "dependencies": [
            "google_compute_global_address.ingress_static_ip",
            "google_dns_managed_zone.dev_carbontrack_app_zone"
          ]
        }
      ]
    },
    {
      "mode": "managed",
      "type": "google_dns_record_set",
      "name": "new_dev",
      "provider": "provider[\"registry.terraform.io/hashicorp/google\"]",
      "instances": [
        {
          "schema_version": 0,
          "attributes": {
            "id": "projects/carbonsaurus-dev/managedZones/carbonsaurus-net-zone/rrsets/new-dev.carbonsaurus.net./A",
            "managed_zone": "carbonsaurus-net-zone",
            "name": "new-dev.carbonsaurus.net.",
            "project": "carbonsaurus-dev",
            "routing_policy": [],
            "rrdatas": [
              "35.201.112.228"
            ],
            "ttl": 300,
            "type": "A"
          },
          "sensitive_attributes": [],
          "private": "bnVsbA==",
          "dependencies": [
            "google_compute_global_address.ingress_static_ip",
            "google_dns_managed_zone.dev_carbontrack_app_zone"
          ]
        }
      ]
    },
    {
      "mode": "managed",
      "type": "google_dns_record_set",
      "name": "new_dev_admin",
      "provider": "provider[\"registry.terraform.io/hashicorp/google\"]",
      "instances": [
        {
          "schema_version": 0,
          "attributes": {
            "id": "projects/carbonsaurus-dev/managedZones/carbonsaurus-net-zone/rrsets/new-dev-admin.carbonsaurus.net./A",
            "managed_zone": "carbonsaurus-net-zone",
            "name": "new-dev-admin.carbonsaurus.net.",
            "project": "carbonsaurus-dev",
            "routing_policy": [],
            "rrdatas": [
              "35.201.112.228"
            ],
            "ttl": 300,
            "type": "A"
          },
          "sensitive_attributes": [],
          "private": "bnVsbA==",
          "dependencies": [
            "google_compute_global_address.ingress_static_ip",
            "google_dns_managed_zone.dev_carbontrack_app_zone"
          ]
        }
      ]
    },
    {
      "mode": "managed",
      "type": "google_dns_record_set",
      "name": "scrap_api",
      "provider": "provider[\"registry.terraform.io/hashicorp/google\"]",
      "instances": [
        {
          "schema_version": 0,
          "attributes": {
            "id": "projects/carbonsaurus-dev/managedZones/carbonsaurus-net-zone/rrsets/scrap-api.carbonsaurus.net./A",
            "managed_zone": "carbonsaurus-net-zone",
            "name": "scrap-api.carbonsaurus.net.",
            "project": "carbonsaurus-dev",
            "routing_policy": [],
            "rrdatas": [
              "35.201.112.228"
            ],
            "ttl": 300,
            "type": "A"
          },
          "sensitive_attributes": [],
          "private": "bnVsbA==",
          "dependencies": [
            "google_compute_global_address.ingress_static_ip",
            "google_dns_managed_zone.dev_carbontrack_app_zone"
          ]
        }
      ]
    },
    {
      "mode": "managed",
      "type": "google_dns_record_set",
      "name": "track_api",
      "provider": "provider[\"registry.terraform.io/hashicorp/google\"]",
      "instances": [
        {
          "schema_version": 0,
          "attributes": {
            "id": "projects/carbonsaurus-dev/managedZones/carbonsaurus-net-zone/rrsets/track-api.carbonsaurus.net./A",
            "managed_zone": "carbonsaurus-net-zone",
            "name": "track-api.carbonsaurus.net.",
            "project": "carbonsaurus-dev",
            "routing_policy": [],
            "rrdatas": [
              "35.201.112.228"
            ],
            "ttl": 300,
            "type": "A"
          },
          "sensitive_attributes": [],
          "private": "bnVsbA==",
          "dependencies": [
            "google_compute_global_address.ingress_static_ip",
            "google_dns_managed_zone.dev_carbontrack_app_zone"
          ]
        }
      ]
    },
    {
      "mode": "managed",
      "type": "local_file",
      "name": "node_key_pem",
      "provider": "provider[\"registry.terraform.io/hashicorp/local\"]",
      "instances": [
        {
          "schema_version": 0,
          "attributes": {
            "content": "-----BEGIN RSA PRIVATE KEY-----\nMIIJKAIBAAKCAgEAsincCHgA5MYgR8znl/punTQ8rsGibin2pyoqdFRF9/+kdbQC\n2qozpXSpeOaTw2HmORTybb2/3XUBknP0XIrVstnYM20b0DCz5Qfx0lG8hkAh3sEw\naY3e6XCwKA0s2xoAMcpp7kBM0dpV8G7Q9Kuc1sXwiOe0iQeeHpMJL3yjLUXMvQhK\n3bH3lrYd94fle/Rkhilygi6eP6GmCUuiXEeiRVuwSuS7FxbVAK7Aoy/At7SE1FV0\nKHAD4p199qgBFgqmNUFbYMUP2b51Dz0ECbrVBq3HOjvthWju/uinlTiUzZ1by5/+\nu7f62Sfb7W2UGNw0M319DjoA7KiuXqwh9m3e08nhQAtXrikYveji146/m9J89ITC\neYZBh8Wp6hxRstRoUxCun47wXfhZd8J9PvvjTqI86q109KDqFQKAEOx6Ns2tg8s4\nUj1nPZ8JvOHNhXt8eYqyKNomCzAhtnR9LuxVYgVHO6lIwYenUPRkUzfy38F9DgnW\njVRxYLLUkYdfiK3akNTuFttRdBcSZGrkVsSmdHBaimPVsA5AvV7ZQqI7WFbrod5p\nuyxbBGjNcRVsXw+GiDSj20JzDOcgBsYDV5NtLVKsdGoFuwbAqFC+AwNkt8qNZ0Ux\nVaHNoEt7jgTbIMYEIfZ+3Jwt9Tw3dLlAP/wclqWMuogF9wWHKlMw1mR6iBcCAwEA\nAQKCAgBbvehayAiVxVwL/PxoqwFYm/R/fKA6oAstyy2vV1HsQUybe4VYufn8QhWe\ndwUxv/DABgRL9ECfNcgIdQMowCkIftqwqIeA7gNEdZHVXld4vf9y6AIY6IAXrvpW\ntWoarMna2cMwdxXXndlRBI8+3jvV8HlK1h2FzlFipw480K5p+p5R3LpIbIL0rXTC\n6MyHxrIYz7DyTjUYyRFpifPiFtT9aBhgiGW6nvwx7MqvfUB8mE0p1ZMJ25x0jeq2\nH47nnbY2iCAYtYDS/BrlLOMua3GUjdmgKAnH/9/JjV32Hfup4VTKhumyGivmtHqw\nSRPQtVuABCdoMwAU3Utk3rhiX/M0OSDFwuJR98fNcvf2PuV4H8ilDHmxeK0qCU6Q\nwSJH11ETsy64o//SMTGkmWQkFNhUxIokwuxb+ZQqg7Da4hAWp5YThhGZ6eNOMjEv\nLWrJrN7vseaAa3WD1/Ikd1ZUeswSoA5nlX6hADL+h4nLeV2q6st+1vUzYwCjRMfT\nifzfEJ5ZAB/KXZDdAnsbsOztRGrVJy+VymmWUfzdGJObds869AvzpeU8KL0tEBUv\nWfkT0BtUkINcvltGmDqo6/DvL/315FWYxBx7Do3OyYDFtsMfW+t83tVR6iTu9yD6\nyoq9Zt/vYf2pS3E2hDGPp94l91/z7rX7Yddm962qygkHkwI+qQKCAQEAxoB2nXs3\nzjAbyxTsPaPSE7PudzEZRu/bhrsM5aXRplNyGCWuiwbVfvVXP5rq7Cjd5ab6dPf5\n10c2A6+LsL8D1bRK2UxXSy7EDliv/ub7rl3AkSpKrA1RjqLsap9/exWYe1aVECUE\nOSSDBwtrxjk4jd97wGuAH0q+PRimdJ3ziA22/xB+xufDoP6VsJy5K6H1MeQngUMB\n/I1RNbdbeOWm+705qQZPxI1OnUEdq23YTyDcVju2Z5A3IMZGXJzqWOkSozyNdjeD\nKQcctbzbgg3y9CwnAAVd2hZI81xs+Tpi7PkrQWdO0FuZKD1lIDfXgkpSJA5UH8Eg\nlG1A/P0cwobigwKCAQEA5cU/SSE8oi/sZh4ERI5dXyrQcVyf0lX0FJGtz9JyQUoh\no2kqZ4ipBHTTNgqTSii2HD56jF036jtJE7251ZSNIQmu1AKCqTxCcz2LlK7Zi+CB\nsqOuzJDQh3AdcvJjdiFZfqT8C8xarThvSCuZ6mCR+v/F7Ym2BZRuJvgnt043ab5d\nZLV74WGLmVP1t/3hLXMGujCWxbiYmrkM8nx0f39LoqIZ8FXNcgEFu6GSDo8CHnXy\nDej3D7LcybOc0HZycMygPV1mRJ+YIWJT/6/4A4GFmfO8T85BDGZSyN7ikmjPvPrs\n3Iu01v3pENP9F7Xpw+m+VliVdMWjsRkqHVjvzY5/3QKCAQBv3hn66mQq2UXwj1wL\n6PUNkYvEtHDwX2Cyb1v3WBnsyH42SZYyV6meIRoIiH/4k5dqQ05G+TFeN42jSh1J\ngHzixPahu7o+bp6jDywwVXBldgR+Sv1GNUNPRVZDSJwJe8QxTjw3mwTkR0VohPE6\nByluGxKdAHh2KiNIP0of0pxagpAs8tjfs+G2K4Okws5AXsfWVCRHXsIR2Hp58Vml\nqpcOrDeAoEP4G0LAsN/NqtwKzBQgrQpBFy9aUyN4Mh6H+OI+CHQYuXQ7fPybF1IF\n22KeZPudsWiQ7ZozPFVVp6f0sP/Fnjj2h4iq+t6w54eWr9fW5hRWyPpZa7ECYosA\nvg+NAoIBAHET8sJNviZfiWr0KMuIeMFGM9EmcW01aerZiv21Jw+kqQtfzUOoyO1t\nhSiaacRcZstdoDgGBGedB6jUfWl0M0RoHIcwOReKlXVbe58PsfaZ5ZqB3ZvFRSry\nbTvNuE9BuGaQUY6I4rNPC80r0BK9tfod+E2fsVnro45AIGOg9bpvuky+2BmiRO6P\nmGUVZ8VTT6NAGGN0Jn42xf1sbHT2s8V1G2jhATuy7xxZNqU9kiBlkVtxJG2wa+JE\nJ8+cC1QiEFZC6fqpxFfhqU8zTc6D5rlOb4WjDvZIQUOkFUNSm7H4l6sugjAwQ4xJ\nl8wcddA577dU3zDZt2aH6OcKhvHVyG0CggEBAI5uQRR7AXZpdVrZky11l6jgH+bZ\nveo587uds9jpMcoUyAEDlGJ1UGaIbreQiP4oLtBiJ64feg4NzCstmS4A8dISxsd1\nXhkYrI5nfKIk3qA0DUfqyTNVhm6UEkgxCiEgNVluBidb3IubxvFYShTfOefo3CDi\nfcrLcX484sKf5ke2PKsLi/UgaPHRGlFJw6ziARkbLs5xR55j7zTemwCKIAcmrnfu\ny3Oc15h3KIzNX8n/805off60GXiN9pvGOC91vzBJbRWfb14T285DxJcVuCd1wSsP\nvbXsyJIXrdfqDSEhLobiOjyNiIRYZPaY/zzzcZ26IVt0XGrSD18/hbWFDeo=\n-----END RSA PRIVATE KEY-----\n",
            "content_base64": null,
            "content_base64sha256": "hclkN53cGcZ+7tBOQ9dTUXxAv4MfhYT7jNHC0AXfrPI=",
            "content_base64sha512": "LTiWzA30twa2A5fFL0BZV31nKAcbEhCZ1glogkIyjZB9XqURlTgwZcgc3GJhRrEkYGEm1OwxNLYAgfUC+dt2Aw==",
            "content_md5": "8f8f39971e7d8975a7dd63d69d6b914c",
            "content_sha1": "21d2530feabec898cd3d14090fbbdce7daf2a95f",
            "content_sha256": "85c964379ddc19c67eeed04e43d753517c40bf831f8584fb8cd1c2d005dfacf2",
            "content_sha512": "2d3896cc0df4b706b60397c52f4059577d6728071b121099d609688242328d907d5ea51195383065c81cdc626146b124606126d4ec3134b60081f502f9db7603",
            "directory_permission": "0777",
            "file_permission": "0777",
            "filename": "carbon-re-dev-node.pem",
            "id": "21d2530feabec898cd3d14090fbbdce7daf2a95f",
            "sensitive_content": null,
            "source": null
          },
          "sensitive_attributes": [
            [
              {
                "type": "get_attr",
                "value": "content"
              }
            ],
            [
              {
                "type": "get_attr",
                "value": "sensitive_content"
              }
            ]
          ],
          "dependencies": [
            "tls_private_key.node_key"
          ]
        }
      ]
    },
    {
      "mode": "managed",
      "type": "null_resource",
      "name": "get_gke_credentials",
      "provider": "provider[\"registry.terraform.io/hashicorp/null\"]",
      "instances": [
        {
          "schema_version": 0,
          "attributes": {
            "id": "7310233702947404923",
            "triggers": null
          },
          "sensitive_attributes": [],
          "dependencies": [
            "data.terraform_remote_state.base_iam",
            "module.gke.google_container_cluster.primary",
            "module.gke.google_container_node_pool.cluster-nodes",
            "module.gke.null_resource.get_gke_credentials",
            "module.gke.null_resource.node_pool_ready",
            "module.iam.google_project_iam_binding.cloud_sql_proxy",
            "module.iam.google_project_iam_member.gcr_artifact_registry_reader",
            "module.iam.google_project_iam_member.gcr_pull_secret_accessor",
            "module.iam.google_project_iam_member.gke_sa_logging_log_writer",
            "module.iam.google_project_iam_member.gke_sa_monitoring_viewer",
            "module.iam.google_project_service.artifactregistry",
            "module.iam.google_project_service.compute",
            "module.iam.google_project_service.container",
            "module.iam.google_project_service.secretmanager",
            "module.iam.google_project_service.servicenetworking",
            "module.iam.google_project_service.sqladmin",
            "module.iam.google_service_account.cloud_sql_proxy",
            "module.iam.google_service_account.external_es",
            "module.iam.google_service_account.gcr_pull",
            "module.iam.google_service_account.gke_service_account",
            "module.iam.google_service_account_key.cloud_sql_proxy",
            "module.iam.google_service_account_key.external_es_key",
            "module.iam.google_service_account_key.gcr_pull_key",
            "module.network.google_compute_network.carbon_network",
            "module.network.google_compute_subnetwork.private_subnet",
            "module.network.google_compute_subnetwork.public_subnet",
            "tls_private_key.node_key"
          ]
        }
      ]
    },
    {
      "mode": "managed",
      "type": "tls_private_key",
      "name": "node_key",
      "provider": "provider[\"registry.terraform.io/hashicorp/tls\"]",
      "instances": [
        {
          "schema_version": 1,
          "attributes": {
            "algorithm": "RSA",
            "ecdsa_curve": "P224",
            "id": "85237a7a799ba9a2e5b662e1fe78911f0b2ea103",
            "private_key_openssh": "-----BEGIN OPENSSH PRIVATE KEY-----\nb3BlbnNzaC1rZXktdjEAAAAABG5vbmUAAAAEbm9uZQAAAAAAAAABAAACFwAAAAdz\nc2gtcnNhAAAAAwEAAQAAAgEAsincCHgA5MYgR8znl/punTQ8rsGibin2pyoqdFRF\n9/+kdbQC2qozpXSpeOaTw2HmORTybb2/3XUBknP0XIrVstnYM20b0DCz5Qfx0lG8\nhkAh3sEwaY3e6XCwKA0s2xoAMcpp7kBM0dpV8G7Q9Kuc1sXwiOe0iQeeHpMJL3yj\nLUXMvQhK3bH3lrYd94fle/Rkhilygi6eP6GmCUuiXEeiRVuwSuS7FxbVAK7Aoy/A\nt7SE1FV0KHAD4p199qgBFgqmNUFbYMUP2b51Dz0ECbrVBq3HOjvthWju/uinlTiU\nzZ1by5/+u7f62Sfb7W2UGNw0M319DjoA7KiuXqwh9m3e08nhQAtXrikYveji146/\nm9J89ITCeYZBh8Wp6hxRstRoUxCun47wXfhZd8J9PvvjTqI86q109KDqFQKAEOx6\nNs2tg8s4Uj1nPZ8JvOHNhXt8eYqyKNomCzAhtnR9LuxVYgVHO6lIwYenUPRkUzfy\n38F9DgnWjVRxYLLUkYdfiK3akNTuFttRdBcSZGrkVsSmdHBaimPVsA5AvV7ZQqI7\nWFbrod5puyxbBGjNcRVsXw+GiDSj20JzDOcgBsYDV5NtLVKsdGoFuwbAqFC+AwNk\nt8qNZ0UxVaHNoEt7jgTbIMYEIfZ+3Jwt9Tw3dLlAP/wclqWMuogF9wWHKlMw1mR6\niBcAAAc4Gup1JhrqdSYAAAAHc3NoLXJzYQAAAgEAsincCHgA5MYgR8znl/punTQ8\nrsGibin2pyoqdFRF9/+kdbQC2qozpXSpeOaTw2HmORTybb2/3XUBknP0XIrVstnY\nM20b0DCz5Qfx0lG8hkAh3sEwaY3e6XCwKA0s2xoAMcpp7kBM0dpV8G7Q9Kuc1sXw\niOe0iQeeHpMJL3yjLUXMvQhK3bH3lrYd94fle/Rkhilygi6eP6GmCUuiXEeiRVuw\nSuS7FxbVAK7Aoy/At7SE1FV0KHAD4p199qgBFgqmNUFbYMUP2b51Dz0ECbrVBq3H\nOjvthWju/uinlTiUzZ1by5/+u7f62Sfb7W2UGNw0M319DjoA7KiuXqwh9m3e08nh\nQAtXrikYveji146/m9J89ITCeYZBh8Wp6hxRstRoUxCun47wXfhZd8J9PvvjTqI8\n6q109KDqFQKAEOx6Ns2tg8s4Uj1nPZ8JvOHNhXt8eYqyKNomCzAhtnR9LuxVYgVH\nO6lIwYenUPRkUzfy38F9DgnWjVRxYLLUkYdfiK3akNTuFttRdBcSZGrkVsSmdHBa\nimPVsA5AvV7ZQqI7WFbrod5puyxbBGjNcRVsXw+GiDSj20JzDOcgBsYDV5NtLVKs\ndGoFuwbAqFC+AwNkt8qNZ0UxVaHNoEt7jgTbIMYEIfZ+3Jwt9Tw3dLlAP/wclqWM\nuogF9wWHKlMw1mR6iBcAAAADAQABAAACAFu96FrICJXFXAv8/GirAVib9H98oDqg\nCy3LLa9XUexBTJt7hVi5+fxCFZ53BTG/8MAGBEv0QJ81yAh1AyjAKQh+2rCoh4Du\nA0R1kdVeV3i9/3LoAhjogBeu+la1ahqsydrZwzB3Fded2VEEjz7eO9XweUrWHYXO\nUWKnDjzQrmn6nlHcukhsgvStdMLozIfGshjPsPJONRjJEWmJ8+IW1P1oGGCIZbqe\n/DHsyq99QHyYTSnVkwnbnHSN6rYfjuedtjaIIBi1gNL8GuUs4y5rcZSN2aAoCcf/\n38mNXfYd+6nhVMqG6bIaK+a0erBJE9C1W4AEJ2gzABTdS2TeuGJf8zQ5IMXC4lH3\nx81y9/Y+5XgfyKUMebF4rSoJTpDBIkfXUROzLrij/9IxMaSZZCQU2FTEiiTC7Fv5\nlCqDsNriEBanlhOGEZnp404yMS8tasms3u+x5oBrdYPX8iR3VlR6zBKgDmeVfqEA\nMv6Hict5Xarqy37W9TNjAKNEx9OJ/N8QnlkAH8pdkN0Cexuw7O1EatUnL5XKaZZR\n/N0Yk5t2zzr0C/Ol5TwovS0QFS9Z+RPQG1SQg1y+W0aYOqjr8O8v/fXkVZjEHHsO\njc7JgMW2wx9b63ze1VHqJO73IPrKir1m3+9h/alLcTaEMY+n3iX3X/Putfth12b3\nrarKCQeTAj6pAAABAQCObkEUewF2aXVa2ZMtdZeo4B/m2b3qOfO7nbPY6THKFMgB\nA5RidVBmiG63kIj+KC7QYieuH3oODcwrLZkuAPHSEsbHdV4ZGKyOZ3yiJN6gNA1H\n6skzVYZulBJIMQohIDVZbgYnW9yLm8bxWEoU3znn6Nwg4n3Ky3F+POLCn+ZHtjyr\nC4v1IGjx0RpRScOs4gEZGy7OcUeeY+803psAiiAHJq537stznNeYdyiMzV/J//NO\naH3+tBl4jfabxjgvdb8wSW0Vn29eE9vOQ8SXFbgndcErD7217MiSF63X6g0hIS6G\n4jo8jYiEWGT2mP8883GduiFbdFxq0g9fP4W1hQ3qAAABAQDGgHadezfOMBvLFOw9\no9ITs+53MRlG79uGuwzlpdGmU3IYJa6LBtV+9Vc/mursKN3lpvp09/nXRzYDr4uw\nvwPVtErZTFdLLsQOWK/+5vuuXcCRKkqsDVGOouxqn397FZh7VpUQJQQ5JIMHC2vG\nOTiN33vAa4AfSr49GKZ0nfOIDbb/EH7G58Og/pWwnLkrofUx5CeBQwH8jVE1t1t4\n5ab7vTmpBk/EjU6dQR2rbdhPINxWO7ZnkDcgxkZcnOpY6RKjPI12N4MpBxy1vNuC\nDfL0LCcABV3aFkjzXGz5OmLs+StBZ07QW5koPWUgN9eCSlIkDlQfwSCUbUD8/RzC\nhuKDAAABAQDlxT9JITyiL+xmHgREjl1fKtBxXJ/SVfQUka3P0nJBSiGjaSpniKkE\ndNM2CpNKKLYcPnqMXTfqO0kTvbnVlI0hCa7UAoKpPEJzPYuUrtmL4IGyo67MkNCH\ncB1y8mN2IVl+pPwLzFqtOG9IK5nqYJH6/8XtibYFlG4m+Ce3Tjdpvl1ktXvhYYuZ\nU/W3/eEtcwa6MJbFuJiauQzyfHR/f0uiohnwVc1yAQW7oZIOjwIedfIN6PcPstzJ\ns5zQdnJwzKA9XWZEn5ghYlP/r/gDgYWZ87xPzkEMZlLI3uKSaM+8+uzci7TW/ekQ\n0/0XtenD6b5WWJV0xaOxGSodWO/Njn/dAAAAAAEC\n-----END OPENSSH PRIVATE KEY-----\n",
            "private_key_pem": "-----BEGIN RSA PRIVATE KEY-----\nMIIJKAIBAAKCAgEAsincCHgA5MYgR8znl/punTQ8rsGibin2pyoqdFRF9/+kdbQC\n2qozpXSpeOaTw2HmORTybb2/3XUBknP0XIrVstnYM20b0DCz5Qfx0lG8hkAh3sEw\naY3e6XCwKA0s2xoAMcpp7kBM0dpV8G7Q9Kuc1sXwiOe0iQeeHpMJL3yjLUXMvQhK\n3bH3lrYd94fle/Rkhilygi6eP6GmCUuiXEeiRVuwSuS7FxbVAK7Aoy/At7SE1FV0\nKHAD4p199qgBFgqmNUFbYMUP2b51Dz0ECbrVBq3HOjvthWju/uinlTiUzZ1by5/+\nu7f62Sfb7W2UGNw0M319DjoA7KiuXqwh9m3e08nhQAtXrikYveji146/m9J89ITC\neYZBh8Wp6hxRstRoUxCun47wXfhZd8J9PvvjTqI86q109KDqFQKAEOx6Ns2tg8s4\nUj1nPZ8JvOHNhXt8eYqyKNomCzAhtnR9LuxVYgVHO6lIwYenUPRkUzfy38F9DgnW\njVRxYLLUkYdfiK3akNTuFttRdBcSZGrkVsSmdHBaimPVsA5AvV7ZQqI7WFbrod5p\nuyxbBGjNcRVsXw+GiDSj20JzDOcgBsYDV5NtLVKsdGoFuwbAqFC+AwNkt8qNZ0Ux\nVaHNoEt7jgTbIMYEIfZ+3Jwt9Tw3dLlAP/wclqWMuogF9wWHKlMw1mR6iBcCAwEA\nAQKCAgBbvehayAiVxVwL/PxoqwFYm/R/fKA6oAstyy2vV1HsQUybe4VYufn8QhWe\ndwUxv/DABgRL9ECfNcgIdQMowCkIftqwqIeA7gNEdZHVXld4vf9y6AIY6IAXrvpW\ntWoarMna2cMwdxXXndlRBI8+3jvV8HlK1h2FzlFipw480K5p+p5R3LpIbIL0rXTC\n6MyHxrIYz7DyTjUYyRFpifPiFtT9aBhgiGW6nvwx7MqvfUB8mE0p1ZMJ25x0jeq2\nH47nnbY2iCAYtYDS/BrlLOMua3GUjdmgKAnH/9/JjV32Hfup4VTKhumyGivmtHqw\nSRPQtVuABCdoMwAU3Utk3rhiX/M0OSDFwuJR98fNcvf2PuV4H8ilDHmxeK0qCU6Q\nwSJH11ETsy64o//SMTGkmWQkFNhUxIokwuxb+ZQqg7Da4hAWp5YThhGZ6eNOMjEv\nLWrJrN7vseaAa3WD1/Ikd1ZUeswSoA5nlX6hADL+h4nLeV2q6st+1vUzYwCjRMfT\nifzfEJ5ZAB/KXZDdAnsbsOztRGrVJy+VymmWUfzdGJObds869AvzpeU8KL0tEBUv\nWfkT0BtUkINcvltGmDqo6/DvL/315FWYxBx7Do3OyYDFtsMfW+t83tVR6iTu9yD6\nyoq9Zt/vYf2pS3E2hDGPp94l91/z7rX7Yddm962qygkHkwI+qQKCAQEAxoB2nXs3\nzjAbyxTsPaPSE7PudzEZRu/bhrsM5aXRplNyGCWuiwbVfvVXP5rq7Cjd5ab6dPf5\n10c2A6+LsL8D1bRK2UxXSy7EDliv/ub7rl3AkSpKrA1RjqLsap9/exWYe1aVECUE\nOSSDBwtrxjk4jd97wGuAH0q+PRimdJ3ziA22/xB+xufDoP6VsJy5K6H1MeQngUMB\n/I1RNbdbeOWm+705qQZPxI1OnUEdq23YTyDcVju2Z5A3IMZGXJzqWOkSozyNdjeD\nKQcctbzbgg3y9CwnAAVd2hZI81xs+Tpi7PkrQWdO0FuZKD1lIDfXgkpSJA5UH8Eg\nlG1A/P0cwobigwKCAQEA5cU/SSE8oi/sZh4ERI5dXyrQcVyf0lX0FJGtz9JyQUoh\no2kqZ4ipBHTTNgqTSii2HD56jF036jtJE7251ZSNIQmu1AKCqTxCcz2LlK7Zi+CB\nsqOuzJDQh3AdcvJjdiFZfqT8C8xarThvSCuZ6mCR+v/F7Ym2BZRuJvgnt043ab5d\nZLV74WGLmVP1t/3hLXMGujCWxbiYmrkM8nx0f39LoqIZ8FXNcgEFu6GSDo8CHnXy\nDej3D7LcybOc0HZycMygPV1mRJ+YIWJT/6/4A4GFmfO8T85BDGZSyN7ikmjPvPrs\n3Iu01v3pENP9F7Xpw+m+VliVdMWjsRkqHVjvzY5/3QKCAQBv3hn66mQq2UXwj1wL\n6PUNkYvEtHDwX2Cyb1v3WBnsyH42SZYyV6meIRoIiH/4k5dqQ05G+TFeN42jSh1J\ngHzixPahu7o+bp6jDywwVXBldgR+Sv1GNUNPRVZDSJwJe8QxTjw3mwTkR0VohPE6\nByluGxKdAHh2KiNIP0of0pxagpAs8tjfs+G2K4Okws5AXsfWVCRHXsIR2Hp58Vml\nqpcOrDeAoEP4G0LAsN/NqtwKzBQgrQpBFy9aUyN4Mh6H+OI+CHQYuXQ7fPybF1IF\n22KeZPudsWiQ7ZozPFVVp6f0sP/Fnjj2h4iq+t6w54eWr9fW5hRWyPpZa7ECYosA\nvg+NAoIBAHET8sJNviZfiWr0KMuIeMFGM9EmcW01aerZiv21Jw+kqQtfzUOoyO1t\nhSiaacRcZstdoDgGBGedB6jUfWl0M0RoHIcwOReKlXVbe58PsfaZ5ZqB3ZvFRSry\nbTvNuE9BuGaQUY6I4rNPC80r0BK9tfod+E2fsVnro45AIGOg9bpvuky+2BmiRO6P\nmGUVZ8VTT6NAGGN0Jn42xf1sbHT2s8V1G2jhATuy7xxZNqU9kiBlkVtxJG2wa+JE\nJ8+cC1QiEFZC6fqpxFfhqU8zTc6D5rlOb4WjDvZIQUOkFUNSm7H4l6sugjAwQ4xJ\nl8wcddA577dU3zDZt2aH6OcKhvHVyG0CggEBAI5uQRR7AXZpdVrZky11l6jgH+bZ\nveo587uds9jpMcoUyAEDlGJ1UGaIbreQiP4oLtBiJ64feg4NzCstmS4A8dISxsd1\nXhkYrI5nfKIk3qA0DUfqyTNVhm6UEkgxCiEgNVluBidb3IubxvFYShTfOefo3CDi\nfcrLcX484sKf5ke2PKsLi/UgaPHRGlFJw6ziARkbLs5xR55j7zTemwCKIAcmrnfu\ny3Oc15h3KIzNX8n/805off60GXiN9pvGOC91vzBJbRWfb14T285DxJcVuCd1wSsP\nvbXsyJIXrdfqDSEhLobiOjyNiIRYZPaY/zzzcZ26IVt0XGrSD18/hbWFDeo=\n-----END RSA PRIVATE KEY-----\n",
            "private_key_pem_pkcs8": "-----BEGIN PRIVATE KEY-----\nMIIJQgIBADANBgkqhkiG9w0BAQEFAASCCSwwggkoAgEAAoICAQCyKdwIeADkxiBH\nzOeX+m6dNDyuwaJuKfanKip0VEX3/6R1tALaqjOldKl45pPDYeY5FPJtvb/ddQGS\nc/RcitWy2dgzbRvQMLPlB/HSUbyGQCHewTBpjd7pcLAoDSzbGgAxymnuQEzR2lXw\nbtD0q5zWxfCI57SJB54ekwkvfKMtRcy9CErdsfeWth33h+V79GSGKXKCLp4/oaYJ\nS6JcR6JFW7BK5LsXFtUArsCjL8C3tITUVXQocAPinX32qAEWCqY1QVtgxQ/ZvnUP\nPQQJutUGrcc6O+2FaO7+6KeVOJTNnVvLn/67t/rZJ9vtbZQY3DQzfX0OOgDsqK5e\nrCH2bd7TyeFAC1euKRi96OLXjr+b0nz0hMJ5hkGHxanqHFGy1GhTEK6fjvBd+Fl3\nwn0+++NOojzqrXT0oOoVAoAQ7Ho2za2DyzhSPWc9nwm84c2Fe3x5irIo2iYLMCG2\ndH0u7FViBUc7qUjBh6dQ9GRTN/LfwX0OCdaNVHFgstSRh1+IrdqQ1O4W21F0FxJk\nauRWxKZ0cFqKY9WwDkC9XtlCojtYVuuh3mm7LFsEaM1xFWxfD4aINKPbQnMM5yAG\nxgNXk20tUqx0agW7BsCoUL4DA2S3yo1nRTFVoc2gS3uOBNsgxgQh9n7cnC31PDd0\nuUA//ByWpYy6iAX3BYcqUzDWZHqIFwIDAQABAoICAFu96FrICJXFXAv8/GirAVib\n9H98oDqgCy3LLa9XUexBTJt7hVi5+fxCFZ53BTG/8MAGBEv0QJ81yAh1AyjAKQh+\n2rCoh4DuA0R1kdVeV3i9/3LoAhjogBeu+la1ahqsydrZwzB3Fded2VEEjz7eO9Xw\neUrWHYXOUWKnDjzQrmn6nlHcukhsgvStdMLozIfGshjPsPJONRjJEWmJ8+IW1P1o\nGGCIZbqe/DHsyq99QHyYTSnVkwnbnHSN6rYfjuedtjaIIBi1gNL8GuUs4y5rcZSN\n2aAoCcf/38mNXfYd+6nhVMqG6bIaK+a0erBJE9C1W4AEJ2gzABTdS2TeuGJf8zQ5\nIMXC4lH3x81y9/Y+5XgfyKUMebF4rSoJTpDBIkfXUROzLrij/9IxMaSZZCQU2FTE\niiTC7Fv5lCqDsNriEBanlhOGEZnp404yMS8tasms3u+x5oBrdYPX8iR3VlR6zBKg\nDmeVfqEAMv6Hict5Xarqy37W9TNjAKNEx9OJ/N8QnlkAH8pdkN0Cexuw7O1EatUn\nL5XKaZZR/N0Yk5t2zzr0C/Ol5TwovS0QFS9Z+RPQG1SQg1y+W0aYOqjr8O8v/fXk\nVZjEHHsOjc7JgMW2wx9b63ze1VHqJO73IPrKir1m3+9h/alLcTaEMY+n3iX3X/Pu\ntfth12b3rarKCQeTAj6pAoIBAQDGgHadezfOMBvLFOw9o9ITs+53MRlG79uGuwzl\npdGmU3IYJa6LBtV+9Vc/mursKN3lpvp09/nXRzYDr4uwvwPVtErZTFdLLsQOWK/+\n5vuuXcCRKkqsDVGOouxqn397FZh7VpUQJQQ5JIMHC2vGOTiN33vAa4AfSr49GKZ0\nnfOIDbb/EH7G58Og/pWwnLkrofUx5CeBQwH8jVE1t1t45ab7vTmpBk/EjU6dQR2r\nbdhPINxWO7ZnkDcgxkZcnOpY6RKjPI12N4MpBxy1vNuCDfL0LCcABV3aFkjzXGz5\nOmLs+StBZ07QW5koPWUgN9eCSlIkDlQfwSCUbUD8/RzChuKDAoIBAQDlxT9JITyi\nL+xmHgREjl1fKtBxXJ/SVfQUka3P0nJBSiGjaSpniKkEdNM2CpNKKLYcPnqMXTfq\nO0kTvbnVlI0hCa7UAoKpPEJzPYuUrtmL4IGyo67MkNCHcB1y8mN2IVl+pPwLzFqt\nOG9IK5nqYJH6/8XtibYFlG4m+Ce3Tjdpvl1ktXvhYYuZU/W3/eEtcwa6MJbFuJia\nuQzyfHR/f0uiohnwVc1yAQW7oZIOjwIedfIN6PcPstzJs5zQdnJwzKA9XWZEn5gh\nYlP/r/gDgYWZ87xPzkEMZlLI3uKSaM+8+uzci7TW/ekQ0/0XtenD6b5WWJV0xaOx\nGSodWO/Njn/dAoIBAG/eGfrqZCrZRfCPXAvo9Q2Ri8S0cPBfYLJvW/dYGezIfjZJ\nljJXqZ4hGgiIf/iTl2pDTkb5MV43jaNKHUmAfOLE9qG7uj5unqMPLDBVcGV2BH5K\n/UY1Q09FVkNInAl7xDFOPDebBORHRWiE8ToHKW4bEp0AeHYqI0g/Sh/SnFqCkCzy\n2N+z4bYrg6TCzkBex9ZUJEdewhHYennxWaWqlw6sN4CgQ/gbQsCw382q3ArMFCCt\nCkEXL1pTI3gyHof44j4IdBi5dDt8/JsXUgXbYp5k+52xaJDtmjM8VVWnp/Sw/8We\nOPaHiKr63rDnh5av19bmFFbI+llrsQJiiwC+D40CggEAcRPywk2+Jl+JavQoy4h4\nwUYz0SZxbTVp6tmK/bUnD6SpC1/NQ6jI7W2FKJppxFxmy12gOAYEZ50HqNR9aXQz\nRGgchzA5F4qVdVt7nw+x9pnlmoHdm8VFKvJtO824T0G4ZpBRjojis08LzSvQEr21\n+h34TZ+xWeujjkAgY6D1um+6TL7YGaJE7o+YZRVnxVNPo0AYY3QmfjbF/WxsdPaz\nxXUbaOEBO7LvHFk2pT2SIGWRW3EkbbBr4kQnz5wLVCIQVkLp+qnEV+GpTzNNzoPm\nuU5vhaMO9khBQ6QVQ1KbsfiXqy6CMDBDjEmXzBx10Dnvt1TfMNm3Zofo5wqG8dXI\nbQKCAQEAjm5BFHsBdml1WtmTLXWXqOAf5tm96jnzu52z2OkxyhTIAQOUYnVQZohu\nt5CI/igu0GInrh96Dg3MKy2ZLgDx0hLGx3VeGRisjmd8oiTeoDQNR+rJM1WGbpQS\nSDEKISA1WW4GJ1vci5vG8VhKFN855+jcIOJ9ystxfjziwp/mR7Y8qwuL9SBo8dEa\nUUnDrOIBGRsuznFHnmPvNN6bAIogByaud+7Lc5zXmHcojM1fyf/zTmh9/rQZeI32\nm8Y4L3W/MEltFZ9vXhPbzkPElxW4J3XBKw+9tezIkhet1+oNISEuhuI6PI2IhFhk\n9pj/PPNxnbohW3RcatIPXz+FtYUN6g==\n-----END PRIVATE KEY-----\n",
            "public_key_fingerprint_md5": "ba:db:95:a6:28:7d:4d:2d:d1:4d:92:30:6d:05:fe:8f",
            "public_key_fingerprint_sha256": "SHA256:n9zpVvPhsJ0FSX4G7tQrlHSNh388W6ttCRepmgGmDWQ",
            "public_key_openssh": "ssh-rsa AAAAB3NzaC1yc2EAAAADAQABAAACAQCyKdwIeADkxiBHzOeX+m6dNDyuwaJuKfanKip0VEX3/6R1tALaqjOldKl45pPDYeY5FPJtvb/ddQGSc/RcitWy2dgzbRvQMLPlB/HSUbyGQCHewTBpjd7pcLAoDSzbGgAxymnuQEzR2lXwbtD0q5zWxfCI57SJB54ekwkvfKMtRcy9CErdsfeWth33h+V79GSGKXKCLp4/oaYJS6JcR6JFW7BK5LsXFtUArsCjL8C3tITUVXQocAPinX32qAEWCqY1QVtgxQ/ZvnUPPQQJutUGrcc6O+2FaO7+6KeVOJTNnVvLn/67t/rZJ9vtbZQY3DQzfX0OOgDsqK5erCH2bd7TyeFAC1euKRi96OLXjr+b0nz0hMJ5hkGHxanqHFGy1GhTEK6fjvBd+Fl3wn0+++NOojzqrXT0oOoVAoAQ7Ho2za2DyzhSPWc9nwm84c2Fe3x5irIo2iYLMCG2dH0u7FViBUc7qUjBh6dQ9GRTN/LfwX0OCdaNVHFgstSRh1+IrdqQ1O4W21F0FxJkauRWxKZ0cFqKY9WwDkC9XtlCojtYVuuh3mm7LFsEaM1xFWxfD4aINKPbQnMM5yAGxgNXk20tUqx0agW7BsCoUL4DA2S3yo1nRTFVoc2gS3uOBNsgxgQh9n7cnC31PDd0uUA//ByWpYy6iAX3BYcqUzDWZHqIFw==\n",
            "public_key_pem": "-----BEGIN PUBLIC KEY-----\nMIICIjANBgkqhkiG9w0BAQEFAAOCAg8AMIICCgKCAgEAsincCHgA5MYgR8znl/pu\nnTQ8rsGibin2pyoqdFRF9/+kdbQC2qozpXSpeOaTw2HmORTybb2/3XUBknP0XIrV\nstnYM20b0DCz5Qfx0lG8hkAh3sEwaY3e6XCwKA0s2xoAMcpp7kBM0dpV8G7Q9Kuc\n1sXwiOe0iQeeHpMJL3yjLUXMvQhK3bH3lrYd94fle/Rkhilygi6eP6GmCUuiXEei\nRVuwSuS7FxbVAK7Aoy/At7SE1FV0KHAD4p199qgBFgqmNUFbYMUP2b51Dz0ECbrV\nBq3HOjvthWju/uinlTiUzZ1by5/+u7f62Sfb7W2UGNw0M319DjoA7KiuXqwh9m3e\n08nhQAtXrikYveji146/m9J89ITCeYZBh8Wp6hxRstRoUxCun47wXfhZd8J9Pvvj\nTqI86q109KDqFQKAEOx6Ns2tg8s4Uj1nPZ8JvOHNhXt8eYqyKNomCzAhtnR9LuxV\nYgVHO6lIwYenUPRkUzfy38F9DgnWjVRxYLLUkYdfiK3akNTuFttRdBcSZGrkVsSm\ndHBaimPVsA5AvV7ZQqI7WFbrod5puyxbBGjNcRVsXw+GiDSj20JzDOcgBsYDV5Nt\nLVKsdGoFuwbAqFC+AwNkt8qNZ0UxVaHNoEt7jgTbIMYEIfZ+3Jwt9Tw3dLlAP/wc\nlqWMuogF9wWHKlMw1mR6iBcCAwEAAQ==\n-----END PUBLIC KEY-----\n",
            "rsa_bits": 4096
          },
          "sensitive_attributes": [
            [
              {
                "type": "get_attr",
                "value": "private_key_openssh"
              }
            ],
            [
              {
                "type": "get_attr",
                "value": "private_key_pem"
              }
            ],
            [
              {
                "type": "get_attr",
                "value": "private_key_pem_pkcs8"
              }
            ]
          ]
        }
      ]
    },
    {
      "module": "module.cloudsql",
      "mode": "managed",
      "type": "google_project_service",
      "name": "sqladmin",
      "provider": "provider[\"registry.terraform.io/hashicorp/google\"]",
      "instances": [
        {
          "schema_version": 0,
          "attributes": {
            "disable_dependent_services": null,
            "disable_on_destroy": false,
            "id": "carbonsaurus-dev/sqladmin.googleapis.com",
            "project": "carbonsaurus-dev",
            "service": "sqladmin.googleapis.com",
            "timeouts": null
          },
          "sensitive_attributes": [],
          "private": "eyJlMmJmYjczMC1lY2FhLTExZTYtOGY4OC0zNDM2M2JjN2M0YzAiOnsiY3JlYXRlIjoxMjAwMDAwMDAwMDAwLCJkZWxldGUiOjEyMDAwMDAwMDAwMDAsInJlYWQiOjYwMDAwMDAwMDAwMCwidXBkYXRlIjoxMjAwMDAwMDAwMDAwfX0=",
          "dependencies": [
            "data.terraform_remote_state.base_iam",
            "module.iam.google_project_iam_binding.cloud_sql_proxy",
            "module.iam.google_project_iam_member.gcr_artifact_registry_reader",
            "module.iam.google_project_iam_member.gcr_pull_secret_accessor",
            "module.iam.google_project_iam_member.gke_sa_logging_log_writer",
            "module.iam.google_project_iam_member.gke_sa_monitoring_viewer",
            "module.iam.google_project_service.artifactregistry",
            "module.iam.google_project_service.compute",
            "module.iam.google_project_service.container",
            "module.iam.google_project_service.secretmanager",
            "module.iam.google_project_service.servicenetworking",
            "module.iam.google_project_service.sqladmin",
            "module.iam.google_service_account.cloud_sql_proxy",
            "module.iam.google_service_account.external_es",
            "module.iam.google_service_account.gcr_pull",
            "module.iam.google_service_account.gke_service_account",
            "module.iam.google_service_account_key.cloud_sql_proxy",
            "module.iam.google_service_account_key.external_es_key",
            "module.iam.google_service_account_key.gcr_pull_key",
            "module.network.google_compute_network.carbon_network",
            "module.vpc_peering.google_compute_global_address.private_ip_address",
            "module.vpc_peering.google_service_networking_connection.private_connection"
          ]
        }
      ]
    },
    {
      "module": "module.cloudsql",
      "mode": "managed",
      "type": "google_sql_database",
      "name": "dev_database",
      "provider": "provider[\"registry.terraform.io/hashicorp/google\"]",
      "instances": [
        {
          "schema_version": 0,
          "attributes": {
            "charset": "UTF8",
            "collation": "en_US.UTF8",
            "deletion_policy": "DELETE",
            "id": "projects/carbonsaurus-dev/instances/carbon-re-dev-db/databases/carbon-re-dev-db",
            "instance": "carbon-re-dev-db",
            "name": "carbon-re-dev-db",
            "project": "carbonsaurus-dev",
            "self_link": "https://sqladmin.googleapis.com/sql/v1beta4/projects/carbonsaurus-dev/instances/carbon-re-dev-db/databases/carbon-re-dev-db",
            "timeouts": null
          },
          "sensitive_attributes": [],
          "private": "eyJlMmJmYjczMC1lY2FhLTExZTYtOGY4OC0zNDM2M2JjN2M0YzAiOnsiY3JlYXRlIjoxMjAwMDAwMDAwMDAwLCJkZWxldGUiOjEyMDAwMDAwMDAwMDAsInVwZGF0ZSI6MTIwMDAwMDAwMDAwMH19",
          "dependencies": [
            "data.terraform_remote_state.base_iam",
            "module.cloudsql.google_project_service.sqladmin",
            "module.cloudsql.google_sql_database_instance.carbontrack_db",
            "module.iam.google_project_iam_binding.cloud_sql_proxy",
            "module.iam.google_project_iam_member.gcr_artifact_registry_reader",
            "module.iam.google_project_iam_member.gcr_pull_secret_accessor",
            "module.iam.google_project_iam_member.gke_sa_logging_log_writer",
            "module.iam.google_project_iam_member.gke_sa_monitoring_viewer",
            "module.iam.google_project_service.artifactregistry",
            "module.iam.google_project_service.compute",
            "module.iam.google_project_service.container",
            "module.iam.google_project_service.secretmanager",
            "module.iam.google_project_service.servicenetworking",
            "module.iam.google_project_service.sqladmin",
            "module.iam.google_service_account.cloud_sql_proxy",
            "module.iam.google_service_account.external_es",
            "module.iam.google_service_account.gcr_pull",
            "module.iam.google_service_account.gke_service_account",
            "module.iam.google_service_account_key.cloud_sql_proxy",
            "module.iam.google_service_account_key.external_es_key",
            "module.iam.google_service_account_key.gcr_pull_key",
            "module.network.google_compute_network.carbon_network",
            "module.vpc_peering.google_compute_global_address.private_ip_address",
            "module.vpc_peering.google_service_networking_connection.private_connection"
          ]
        }
      ]
    },
    {
      "module": "module.cloudsql",
      "mode": "managed",
      "type": "google_sql_database_instance",
      "name": "carbontrack_db",
      "provider": "provider[\"registry.terraform.io/hashicorp/google\"]",
      "instances": [
        {
          "schema_version": 0,
          "attributes": {
            "available_maintenance_versions": [],
            "clone": [],
            "connection_name": "carbonsaurus-dev:asia-northeast3:carbon-re-dev-db",
            "database_version": "POSTGRES_15",
            "deletion_protection": false,
            "dns_name": "",
            "encryption_key_name": null,
            "first_ip_address": "34.22.79.38",
            "id": "carbon-re-dev-db",
            "instance_type": "CLOUD_SQL_INSTANCE",
            "ip_address": [
              {
                "ip_address": "34.22.79.38",
                "time_to_retire": "",
                "type": "PRIMARY"
              },
              {
                "ip_address": "34.64.136.94",
                "time_to_retire": "",
                "type": "OUTGOING"
              },
              {
                "ip_address": "10.89.148.3",
                "time_to_retire": "",
                "type": "PRIVATE"
              }
            ],
            "maintenance_version": "POSTGRES_15_12.R20250302.00_04",
            "master_instance_name": "",
            "name": "carbon-re-dev-db",
            "private_ip_address": "10.89.148.3",
            "project": "carbonsaurus-dev",
            "psc_service_attachment_link": "",
            "public_ip_address": "34.22.79.38",
            "region": "asia-northeast3",
            "replica_configuration": [],
            "replica_names": [],
            "replication_cluster": [
              {
                "dr_replica": false,
                "failover_dr_replica_name": ""
              }
            ],
            "restore_backup_context": [],
            "root_password": null,
            "self_link": "https://sqladmin.googleapis.com/sql/v1beta4/projects/carbonsaurus-dev/instances/carbon-re-dev-db",
            "server_ca_cert": [
              {
                "cert": "-----BEGIN CERTIFICATE-----\nMIIDfzCCAmegAwIBAgIBADANBgkqhkiG9w0BAQsFADB3MS0wKwYDVQQuEyRkOTE0\nYzY1Ny1mMWRhLTQ4NDQtYTA1OC03ODA0ZjQzMjY0MzkxIzAhBgNVBAMTGkdvb2ds\nZSBDbG91ZCBTUUwgU2VydmVyIENBMRQwEgYDVQQKEwtHb29nbGUsIEluYzELMAkG\nA1UEBhMCVVMwHhcNMjUwMzE5MjM1NDExWhcNMzUwMzE3MjM1NTExWjB3MS0wKwYD\nVQQuEyRkOTE0YzY1Ny1mMWRhLTQ4NDQtYTA1OC03ODA0ZjQzMjY0MzkxIzAhBgNV\nBAMTGkdvb2dsZSBDbG91ZCBTUUwgU2VydmVyIENBMRQwEgYDVQQKEwtHb29nbGUs\nIEluYzELMAkGA1UEBhMCVVMwggEiMA0GCSqGSIb3DQEBAQUAA4IBDwAwggEKAoIB\nAQDYV1oT1unRvGWDPzpzrE5IGnBjLRZGeQE1NaI6fK/9X8VBSINnC9BcpMqnIYLr\n4zzDVazdNP54l0/e+e5wLJR60It6L3AgiAv8eLp0f3JzS44eE9cU1lxme6+1iIKk\nh12rD3TDaI3F/QudpJ9P8PsqIC5L1ySvxPI2eehiM5K12rxAjHtH0S2b4GVagn9b\nAtXWJgkooLnDkMy5pGuUqkxLnsfbayhjWjui37EJ2+RaXy8Kt+rffTfnbPoRFWDg\nhhe/TiOLunNl7Bexsw3SxvBtXHO5nUpwp7WVD3/jbMz47a4sgISuwE9tr5oD89cp\nyoths76KkmMTTNoqe5jH1/H9AgMBAAGjFjAUMBIGA1UdEwEB/wQIMAYBAf8CAQAw\nDQYJKoZIhvcNAQELBQADggEBAJvnEIHnHey1tYRN2FRbO2yBfGfzjYSsBVe7ZFJo\n5gXRc4IxONz+yTaiC8pEWEjOI6+/yWIB0cLi1v992JZ5nl/86L5+M7FyFn5Sjv6v\nuIEczGVRCdSYZtBKZLO+PxHgZeG6f+zGJPabTxWY1NYIEn0oduqXdhDtuxQ0QoXu\nzt5L1Ft+rfd5izB/pb4q9XdYuk2C5y3iE9JPnPfefZySxUXwBmW92f99jTrEoKzz\nAU0EzzZWHAMO4zxVUUFe6xBxemMvNXJDxD2dpAaA9+a0Ts3t9ExV7z1n5V9V46+W\nCQf2H39YWWLUxIsr1qLYf6PIjCn2u+tcMOcfh9DaCqWnAl0=\n-----END CERTIFICATE-----",
                "common_name": "C=US,O=Google\\, Inc,CN=Google Cloud SQL Server CA,dnQualifier=d914c657-f1da-4844-a058-7804f4326439",
                "create_time": "2025-03-19T23:54:11.534Z",
                "expiration_time": "2035-03-17T23:55:11.534Z",
                "sha1_fingerprint": "d8628e47c1591a920550f37f84750907635603ca"
              }
            ],
            "service_account_email_address": "p554163312723-35oi0u@gcp-sa-cloud-sql.iam.gserviceaccount.com",
            "settings": [
              {
                "activation_policy": "ALWAYS",
                "active_directory_config": [],
                "advanced_machine_features": [],
                "availability_type": "ZONAL",
                "backup_configuration": [
                  {
                    "backup_retention_settings": [
                      {
                        "retained_backups": 7,
                        "retention_unit": "COUNT"
                      }
                    ],
                    "binary_log_enabled": false,
                    "enabled": false,
                    "location": "",
                    "point_in_time_recovery_enabled": false,
                    "start_time": "13:00",
                    "transaction_log_retention_days": 7
                  }
                ],
                "collation": "",
                "connector_enforcement": "NOT_REQUIRED",
                "data_cache_config": [
                  {
                    "data_cache_enabled": false
                  }
                ],
                "database_flags": [],
                "deletion_protection_enabled": false,
                "deny_maintenance_period": [],
                "disk_autoresize": true,
                "disk_autoresize_limit": 0,
                "disk_size": 20,
                "disk_type": "PD_HDD",
                "edition": "ENTERPRISE",
                "enable_dataplex_integration": false,
                "enable_google_ml_integration": false,
                "insights_config": [],
                "ip_configuration": [
                  {
                    "allocated_ip_range": "",
                    "authorized_networks": [
                      {
                        "expiration_time": "",
                        "name": "office-access",
                        "value": "165.225.229.31/32"
                      }
                    ],
                    "enable_private_path_for_google_cloud_services": false,
                    "ipv4_enabled": true,
                    "private_network": "projects/carbonsaurus-dev/global/networks/carbon-re-dev-vpc",
                    "psc_config": [],
                    "server_ca_mode": "GOOGLE_MANAGED_INTERNAL_CA",
                    "server_ca_pool": "",
                    "ssl_mode": "ALLOW_UNENCRYPTED_AND_ENCRYPTED"
                  }
                ],
                "location_preference": [
                  {
                    "follow_gae_application": "",
                    "secondary_zone": "",
                    "zone": "asia-northeast3-c"
                  }
                ],
                "maintenance_window": [],
                "password_validation_policy": [],
                "pricing_plan": "PER_USE",
                "sql_server_audit_config": [],
                "tier": "db-custom-2-12288",
                "time_zone": "",
                "user_labels": {},
                "version": 17
              }
            ],
            "timeouts": null
          },
          "sensitive_attributes": [
            [
              {
                "type": "get_attr",
                "value": "server_ca_cert"
              }
            ],
            [
              {
                "type": "get_attr",
                "value": "root_password"
              }
            ]
          ],
          "private": "eyJlMmJmYjczMC1lY2FhLTExZTYtOGY4OC0zNDM2M2JjN2M0YzAiOnsiY3JlYXRlIjo1NDAwMDAwMDAwMDAwLCJkZWxldGUiOjU0MDAwMDAwMDAwMDAsInVwZGF0ZSI6NTQwMDAwMDAwMDAwMH19",
          "dependencies": [
            "data.terraform_remote_state.base_iam",
            "module.cloudsql.google_project_service.sqladmin",
            "module.iam.google_project_iam_binding.cloud_sql_proxy",
            "module.iam.google_project_iam_member.gcr_artifact_registry_reader",
            "module.iam.google_project_iam_member.gcr_pull_secret_accessor",
            "module.iam.google_project_iam_member.gke_sa_logging_log_writer",
            "module.iam.google_project_iam_member.gke_sa_monitoring_viewer",
            "module.iam.google_project_service.artifactregistry",
            "module.iam.google_project_service.compute",
            "module.iam.google_project_service.container",
            "module.iam.google_project_service.secretmanager",
            "module.iam.google_project_service.servicenetworking",
            "module.iam.google_project_service.sqladmin",
            "module.iam.google_service_account.cloud_sql_proxy",
            "module.iam.google_service_account.external_es",
            "module.iam.google_service_account.gcr_pull",
            "module.iam.google_service_account.gke_service_account",
            "module.iam.google_service_account_key.cloud_sql_proxy",
            "module.iam.google_service_account_key.external_es_key",
            "module.iam.google_service_account_key.gcr_pull_key",
            "module.network.google_compute_network.carbon_network",
            "module.vpc_peering.google_compute_global_address.private_ip_address",
            "module.vpc_peering.google_service_networking_connection.private_connection"
          ]
        }
      ]
    },
    {
      "module": "module.cloudsql",
      "mode": "managed",
      "type": "google_sql_user",
      "name": "users",
      "provider": "provider[\"registry.terraform.io/hashicorp/google\"]",
      "instances": [
        {
          "schema_version": 1,
          "attributes": {
            "deletion_policy": null,
            "host": "",
            "id": "testuser//carbon-re-dev-db",
            "instance": "carbon-re-dev-db",
            "name": "testuser",
            "password": "",
            "password_policy": [],
            "password_wo": null,
            "password_wo_version": null,
            "project": "carbonsaurus-dev",
            "sql_server_user_details": [],
            "timeouts": null,
            "type": ""
          },
          "sensitive_attributes": [
            [
              {
                "type": "get_attr",
                "value": "password"
              }
            ]
          ],
          "private": "eyJlMmJmYjczMC1lY2FhLTExZTYtOGY4OC0zNDM2M2JjN2M0YzAiOnsiY3JlYXRlIjo2MDAwMDAwMDAwMDAsImRlbGV0ZSI6NjAwMDAwMDAwMDAwLCJ1cGRhdGUiOjYwMDAwMDAwMDAwMH0sInNjaGVtYV92ZXJzaW9uIjoiMSJ9",
          "dependencies": [
            "data.terraform_remote_state.base_iam",
            "module.cloudsql.google_project_service.sqladmin",
            "module.cloudsql.google_sql_database_instance.carbontrack_db",
            "module.iam.google_project_iam_binding.cloud_sql_proxy",
            "module.iam.google_project_iam_member.gcr_artifact_registry_reader",
            "module.iam.google_project_iam_member.gcr_pull_secret_accessor",
            "module.iam.google_project_iam_member.gke_sa_logging_log_writer",
            "module.iam.google_project_iam_member.gke_sa_monitoring_viewer",
            "module.iam.google_project_service.artifactregistry",
            "module.iam.google_project_service.compute",
            "module.iam.google_project_service.container",
            "module.iam.google_project_service.secretmanager",
            "module.iam.google_project_service.servicenetworking",
            "module.iam.google_project_service.sqladmin",
            "module.iam.google_service_account.cloud_sql_proxy",
            "module.iam.google_service_account.external_es",
            "module.iam.google_service_account.gcr_pull",
            "module.iam.google_service_account.gke_service_account",
            "module.iam.google_service_account_key.cloud_sql_proxy",
            "module.iam.google_service_account_key.external_es_key",
            "module.iam.google_service_account_key.gcr_pull_key",
            "module.network.google_compute_network.carbon_network",
            "module.vpc_peering.google_compute_global_address.private_ip_address",
            "module.vpc_peering.google_service_networking_connection.private_connection"
          ]
        }
      ]
    },
    {
      "module": "module.firewall",
      "mode": "managed",
      "type": "google_compute_firewall",
      "name": "allow-ssh-iap",
      "provider": "provider[\"registry.terraform.io/hashicorp/google\"]",
      "instances": []
    },
    {
      "module": "module.firewall",
      "mode": "managed",
      "type": "google_compute_firewall",
      "name": "allow_office_access",
      "provider": "provider[\"registry.terraform.io/hashicorp/google\"]",
      "instances": []
    },
    {
      "module": "module.firewall",
      "mode": "managed",
      "type": "google_compute_firewall",
      "name": "allow_proxy_connection",
      "provider": "provider[\"registry.terraform.io/hashicorp/google\"]",
      "instances": []
    },
    {
      "module": "module.firewall",
      "mode": "managed",
      "type": "google_compute_firewall",
      "name": "bastion_to_gke_nodes",
      "provider": "provider[\"registry.terraform.io/hashicorp/google\"]",
      "instances": [
        {
          "schema_version": 1,
          "attributes": {
            "allow": [
              {
                "ports": [
                  "22"
                ],
                "protocol": "tcp"
              }
            ],
            "creation_timestamp": "2025-03-19T16:51:15.601-07:00",
            "deny": [],
            "description": "Allow SSH (TCP 22) from Bastion VM to GKE nodes",
            "destination_ranges": [],
            "direction": "INGRESS",
            "disabled": false,
            "enable_logging": null,
            "id": "projects/carbonsaurus-dev/global/firewalls/carbon-re-dev-bastion-to-gke",
            "log_config": [],
            "name": "carbon-re-dev-bastion-to-gke",
            "network": "https://www.googleapis.com/compute/v1/projects/carbonsaurus-dev/global/networks/carbon-re-dev-vpc",
            "priority": 1000,
            "project": "carbonsaurus-dev",
            "self_link": "https://www.googleapis.com/compute/v1/projects/carbonsaurus-dev/global/firewalls/carbon-re-dev-bastion-to-gke",
            "source_ranges": [],
            "source_service_accounts": [],
            "source_tags": [
              "carbon-re-dev-general-fw"
            ],
            "target_service_accounts": [],
            "target_tags": [
              "carbon-re-dev-gke-node"
            ],
            "timeouts": null
          },
          "sensitive_attributes": [],
          "private": "eyJlMmJmYjczMC1lY2FhLTExZTYtOGY4OC0zNDM2M2JjN2M0YzAiOnsiY3JlYXRlIjoxMjAwMDAwMDAwMDAwLCJkZWxldGUiOjEyMDAwMDAwMDAwMDAsInVwZGF0ZSI6MTIwMDAwMDAwMDAwMH0sInNjaGVtYV92ZXJzaW9uIjoiMSJ9",
          "dependencies": [
            "data.terraform_remote_state.base_iam",
            "module.iam.google_project_iam_binding.cloud_sql_proxy",
            "module.iam.google_project_iam_member.gcr_artifact_registry_reader",
            "module.iam.google_project_iam_member.gcr_pull_secret_accessor",
            "module.iam.google_project_iam_member.gke_sa_logging_log_writer",
            "module.iam.google_project_iam_member.gke_sa_monitoring_viewer",
            "module.iam.google_project_service.artifactregistry",
            "module.iam.google_project_service.compute",
            "module.iam.google_project_service.container",
            "module.iam.google_project_service.secretmanager",
            "module.iam.google_project_service.servicenetworking",
            "module.iam.google_project_service.sqladmin",
            "module.iam.google_service_account.cloud_sql_proxy",
            "module.iam.google_service_account.external_es",
            "module.iam.google_service_account.gcr_pull",
            "module.iam.google_service_account.gke_service_account",
            "module.iam.google_service_account_key.cloud_sql_proxy",
            "module.iam.google_service_account_key.external_es_key",
            "module.iam.google_service_account_key.gcr_pull_key",
            "module.network.google_compute_network.carbon_network"
          ]
        }
      ]
    },
    {
      "module": "module.firewall",
      "mode": "managed",
      "type": "google_compute_firewall",
      "name": "egress_all",
      "provider": "provider[\"registry.terraform.io/hashicorp/google\"]",
      "instances": [
        {
          "schema_version": 1,
          "attributes": {
            "allow": [
              {
                "ports": [],
                "protocol": "all"
              }
            ],
            "creation_timestamp": "2025-03-19T16:51:03.979-07:00",
            "deny": [],
            "description": "Allow all outbound traffic",
            "destination_ranges": [
              "0.0.0.0/0"
            ],
            "direction": "EGRESS",
            "disabled": false,
            "enable_logging": null,
            "id": "projects/carbonsaurus-dev/global/firewalls/carbon-re-dev-egress-all",
            "log_config": [],
            "name": "carbon-re-dev-egress-all",
            "network": "https://www.googleapis.com/compute/v1/projects/carbonsaurus-dev/global/networks/carbon-re-dev-vpc",
            "priority": 1000,
            "project": "carbonsaurus-dev",
            "self_link": "https://www.googleapis.com/compute/v1/projects/carbonsaurus-dev/global/firewalls/carbon-re-dev-egress-all",
            "source_ranges": [],
            "source_service_accounts": [],
            "source_tags": [],
            "target_service_accounts": [],
            "target_tags": [
              "carbon-re-dev-general-fw"
            ],
            "timeouts": null
          },
          "sensitive_attributes": [],
          "private": "eyJlMmJmYjczMC1lY2FhLTExZTYtOGY4OC0zNDM2M2JjN2M0YzAiOnsiY3JlYXRlIjoxMjAwMDAwMDAwMDAwLCJkZWxldGUiOjEyMDAwMDAwMDAwMDAsInVwZGF0ZSI6MTIwMDAwMDAwMDAwMH0sInNjaGVtYV92ZXJzaW9uIjoiMSJ9",
          "dependencies": [
            "data.terraform_remote_state.base_iam",
            "module.iam.google_project_iam_binding.cloud_sql_proxy",
            "module.iam.google_project_iam_member.gcr_artifact_registry_reader",
            "module.iam.google_project_iam_member.gcr_pull_secret_accessor",
            "module.iam.google_project_iam_member.gke_sa_logging_log_writer",
            "module.iam.google_project_iam_member.gke_sa_monitoring_viewer",
            "module.iam.google_project_service.artifactregistry",
            "module.iam.google_project_service.compute",
            "module.iam.google_project_service.container",
            "module.iam.google_project_service.secretmanager",
            "module.iam.google_project_service.servicenetworking",
            "module.iam.google_project_service.sqladmin",
            "module.iam.google_service_account.cloud_sql_proxy",
            "module.iam.google_service_account.external_es",
            "module.iam.google_service_account.gcr_pull",
            "module.iam.google_service_account.gke_service_account",
            "module.iam.google_service_account_key.cloud_sql_proxy",
            "module.iam.google_service_account_key.external_es_key",
            "module.iam.google_service_account_key.gcr_pull_key",
            "module.network.google_compute_network.carbon_network"
          ]
        }
      ]
    },
    {
      "module": "module.firewall",
      "mode": "managed",
      "type": "google_compute_firewall",
      "name": "ingress_ssh",
      "provider": "provider[\"registry.terraform.io/hashicorp/google\"]",
      "instances": [
        {
          "schema_version": 1,
          "attributes": {
            "allow": [
              {
                "ports": [
                  "22"
                ],
                "protocol": "tcp"
              }
            ],
            "creation_timestamp": "2025-03-19T16:51:15.488-07:00",
            "deny": [],
            "description": "Allow SSH (TCP 22) from VPC CIDR",
            "destination_ranges": [],
            "direction": "INGRESS",
            "disabled": false,
            "enable_logging": null,
            "id": "projects/carbonsaurus-dev/global/firewalls/carbon-re-dev-ingress-ssh",
            "log_config": [],
            "name": "carbon-re-dev-ingress-ssh",
            "network": "https://www.googleapis.com/compute/v1/projects/carbonsaurus-dev/global/networks/carbon-re-dev-vpc",
            "priority": 1000,
            "project": "carbonsaurus-dev",
            "self_link": "https://www.googleapis.com/compute/v1/projects/carbonsaurus-dev/global/firewalls/carbon-re-dev-ingress-ssh",
            "source_ranges": [
              "10.0.0.0/16"
            ],
            "source_service_accounts": [],
            "source_tags": [],
            "target_service_accounts": [],
            "target_tags": [
              "carbon-re-dev-general-fw"
            ],
            "timeouts": null
          },
          "sensitive_attributes": [],
          "private": "eyJlMmJmYjczMC1lY2FhLTExZTYtOGY4OC0zNDM2M2JjN2M0YzAiOnsiY3JlYXRlIjoxMjAwMDAwMDAwMDAwLCJkZWxldGUiOjEyMDAwMDAwMDAwMDAsInVwZGF0ZSI6MTIwMDAwMDAwMDAwMH0sInNjaGVtYV92ZXJzaW9uIjoiMSJ9",
          "dependencies": [
            "data.terraform_remote_state.base_iam",
            "module.iam.google_project_iam_binding.cloud_sql_proxy",
            "module.iam.google_project_iam_member.gcr_artifact_registry_reader",
            "module.iam.google_project_iam_member.gcr_pull_secret_accessor",
            "module.iam.google_project_iam_member.gke_sa_logging_log_writer",
            "module.iam.google_project_iam_member.gke_sa_monitoring_viewer",
            "module.iam.google_project_service.artifactregistry",
            "module.iam.google_project_service.compute",
            "module.iam.google_project_service.container",
            "module.iam.google_project_service.secretmanager",
            "module.iam.google_project_service.servicenetworking",
            "module.iam.google_project_service.sqladmin",
            "module.iam.google_service_account.cloud_sql_proxy",
            "module.iam.google_service_account.external_es",
            "module.iam.google_service_account.gcr_pull",
            "module.iam.google_service_account.gke_service_account",
            "module.iam.google_service_account_key.cloud_sql_proxy",
            "module.iam.google_service_account_key.external_es_key",
            "module.iam.google_service_account_key.gcr_pull_key",
            "module.network.google_compute_network.carbon_network"
          ]
        }
      ]
    },
    {
      "module": "module.firewall",
      "mode": "managed",
      "type": "google_compute_firewall",
      "name": "ingress_vpc_all",
      "provider": "provider[\"registry.terraform.io/hashicorp/google\"]",
      "instances": [
        {
          "schema_version": 1,
          "attributes": {
            "allow": [
              {
                "ports": [],
                "protocol": "all"
              }
            ],
            "creation_timestamp": "2025-03-19T16:51:03.938-07:00",
            "deny": [],
            "description": "Allow all traffic from remote VPC CIDR",
            "destination_ranges": [],
            "direction": "INGRESS",
            "disabled": false,
            "enable_logging": null,
            "id": "projects/carbonsaurus-dev/global/firewalls/carbon-re-dev-ingress-vpc",
            "log_config": [],
            "name": "carbon-re-dev-ingress-vpc",
            "network": "https://www.googleapis.com/compute/v1/projects/carbonsaurus-dev/global/networks/carbon-re-dev-vpc",
            "priority": 1000,
            "project": "carbonsaurus-dev",
            "self_link": "https://www.googleapis.com/compute/v1/projects/carbonsaurus-dev/global/firewalls/carbon-re-dev-ingress-vpc",
            "source_ranges": [
              "10.0.0.0/16"
            ],
            "source_service_accounts": [],
            "source_tags": [],
            "target_service_accounts": [],
            "target_tags": [
              "carbon-re-dev-general-fw"
            ],
            "timeouts": null
          },
          "sensitive_attributes": [],
          "private": "eyJlMmJmYjczMC1lY2FhLTExZTYtOGY4OC0zNDM2M2JjN2M0YzAiOnsiY3JlYXRlIjoxMjAwMDAwMDAwMDAwLCJkZWxldGUiOjEyMDAwMDAwMDAwMDAsInVwZGF0ZSI6MTIwMDAwMDAwMDAwMH0sInNjaGVtYV92ZXJzaW9uIjoiMSJ9",
          "dependencies": [
            "data.terraform_remote_state.base_iam",
            "module.iam.google_project_iam_binding.cloud_sql_proxy",
            "module.iam.google_project_iam_member.gcr_artifact_registry_reader",
            "module.iam.google_project_iam_member.gcr_pull_secret_accessor",
            "module.iam.google_project_iam_member.gke_sa_logging_log_writer",
            "module.iam.google_project_iam_member.gke_sa_monitoring_viewer",
            "module.iam.google_project_service.artifactregistry",
            "module.iam.google_project_service.compute",
            "module.iam.google_project_service.container",
            "module.iam.google_project_service.secretmanager",
            "module.iam.google_project_service.servicenetworking",
            "module.iam.google_project_service.sqladmin",
            "module.iam.google_service_account.cloud_sql_proxy",
            "module.iam.google_service_account.external_es",
            "module.iam.google_service_account.gcr_pull",
            "module.iam.google_service_account.gke_service_account",
            "module.iam.google_service_account_key.cloud_sql_proxy",
            "module.iam.google_service_account_key.external_es_key",
            "module.iam.google_service_account_key.gcr_pull_key",
            "module.network.google_compute_network.carbon_network"
          ]
        }
      ]
    },
    {
      "module": "module.gke",
      "mode": "managed",
      "type": "null_resource",
      "name": "get_gke_credentials",
      "provider": "provider[\"registry.terraform.io/hashicorp/null\"]",
      "instances": [
        {
          "schema_version": 0,
          "attributes": {
            "id": "6373324175328072522",
            "triggers": null
          },
          "sensitive_attributes": [],
          "dependencies": [
            "data.terraform_remote_state.base_iam",
            "module.gke.google_container_cluster.primary",
            "module.iam.google_project_iam_binding.cloud_sql_proxy",
            "module.iam.google_project_iam_member.gcr_artifact_registry_reader",
            "module.iam.google_project_iam_member.gcr_pull_secret_accessor",
            "module.iam.google_project_iam_member.gke_sa_logging_log_writer",
            "module.iam.google_project_iam_member.gke_sa_monitoring_viewer",
            "module.iam.google_project_service.artifactregistry",
            "module.iam.google_project_service.compute",
            "module.iam.google_project_service.container",
            "module.iam.google_project_service.secretmanager",
            "module.iam.google_project_service.servicenetworking",
            "module.iam.google_project_service.sqladmin",
            "module.iam.google_service_account.cloud_sql_proxy",
            "module.iam.google_service_account.external_es",
            "module.iam.google_service_account.gcr_pull",
            "module.iam.google_service_account.gke_service_account",
            "module.iam.google_service_account_key.cloud_sql_proxy",
            "module.iam.google_service_account_key.external_es_key",
            "module.iam.google_service_account_key.gcr_pull_key",
            "module.network.google_compute_network.carbon_network",
            "module.network.google_compute_subnetwork.private_subnet",
            "module.network.google_compute_subnetwork.public_subnet"
          ]
        }
      ]
    },
    {
      "module": "module.gke",
      "mode": "managed",
      "type": "null_resource",
      "name": "node_pool_ready",
      "provider": "provider[\"registry.terraform.io/hashicorp/null\"]",
      "instances": [
        {
          "schema_version": 0,
          "attributes": {
            "id": "2736354980762010369",
            "triggers": {
              "node_pool_name": "carbon-re-dev-node-pool"
            }
          },
          "sensitive_attributes": [],
          "dependencies": [
            "data.terraform_remote_state.base_iam",
            "module.gke.google_container_cluster.primary",
            "module.gke.google_container_node_pool.cluster-nodes",
            "module.iam.google_project_iam_binding.cloud_sql_proxy",
            "module.iam.google_project_iam_member.gcr_artifact_registry_reader",
            "module.iam.google_project_iam_member.gcr_pull_secret_accessor",
            "module.iam.google_project_iam_member.gke_sa_logging_log_writer",
            "module.iam.google_project_iam_member.gke_sa_monitoring_viewer",
            "module.iam.google_project_service.artifactregistry",
            "module.iam.google_project_service.compute",
            "module.iam.google_project_service.container",
            "module.iam.google_project_service.secretmanager",
            "module.iam.google_project_service.servicenetworking",
            "module.iam.google_project_service.sqladmin",
            "module.iam.google_service_account.cloud_sql_proxy",
            "module.iam.google_service_account.external_es",
            "module.iam.google_service_account.gcr_pull",
            "module.iam.google_service_account.gke_service_account",
            "module.iam.google_service_account_key.cloud_sql_proxy",
            "module.iam.google_service_account_key.external_es_key",
            "module.iam.google_service_account_key.gcr_pull_key",
            "module.network.google_compute_network.carbon_network",
            "module.network.google_compute_subnetwork.private_subnet",
            "module.network.google_compute_subnetwork.public_subnet",
            "tls_private_key.node_key"
          ]
        }
      ]
    },
    {
      "module": "module.iam",
      "mode": "managed",
      "type": "google_project_iam_binding",
      "name": "cloud_sql_proxy",
      "provider": "provider[\"registry.terraform.io/hashicorp/google\"]",
      "instances": [
        {
          "schema_version": 0,
          "attributes": {
            "condition": [],
            "etag": "BwYxq6Bu5+4=",
            "id": "carbonsaurus-dev/roles/cloudsql.client",
            "members": [
              "serviceAccount:cloud-sql-proxy-sa@carbonsaurus-dev.iam.gserviceaccount.com"
            ],
            "project": "carbonsaurus-dev",
            "role": "roles/cloudsql.client"
          },
          "sensitive_attributes": [],
          "private": "bnVsbA==",
          "dependencies": [
            "module.iam.google_service_account.cloud_sql_proxy"
          ]
        }
      ]
    },
    {
      "module": "module.iam",
      "mode": "managed",
      "type": "google_project_iam_member",
      "name": "gcr_artifact_registry_reader",
      "provider": "provider[\"registry.terraform.io/hashicorp/google\"]",
      "instances": [
        {
          "schema_version": 0,
          "attributes": {
            "condition": [],
            "etag": "BwYxq6Bu5+4=",
            "id": "carbonsaurus-dev/roles/artifactregistry.reader/serviceAccount:gcr-sa@carbonsaurus-dev.iam.gserviceaccount.com",
            "member": "serviceAccount:gcr-sa@carbonsaurus-dev.iam.gserviceaccount.com",
            "project": "carbonsaurus-dev",
            "role": "roles/artifactregistry.reader"
          },
          "sensitive_attributes": [],
          "private": "bnVsbA==",
          "dependencies": [
            "module.iam.google_service_account.gcr_pull"
          ]
        }
      ]
    },
    {
      "module": "module.iam",
      "mode": "managed",
      "type": "google_project_iam_member",
      "name": "gke_sa_logging_log_writer",
      "provider": "provider[\"registry.terraform.io/hashicorp/google\"]",
      "instances": [
        {
          "schema_version": 0,
          "attributes": {
            "condition": [],
            "etag": "BwYxq6Bu5+4=",
            "id": "carbonsaurus-dev/roles/logging.logWriter/serviceAccount:gke-node-sa@carbonsaurus-dev.iam.gserviceaccount.com",
            "member": "serviceAccount:gke-node-sa@carbonsaurus-dev.iam.gserviceaccount.com",
            "project": "carbonsaurus-dev",
            "role": "roles/logging.logWriter"
          },
          "sensitive_attributes": [],
          "private": "bnVsbA==",
          "dependencies": [
            "module.iam.google_service_account.gke_service_account"
          ]
        }
      ]
    },
    {
      "module": "module.iam",
      "mode": "managed",
      "type": "google_project_iam_member",
      "name": "gke_sa_monitoring_viewer",
      "provider": "provider[\"registry.terraform.io/hashicorp/google\"]",
      "instances": [
        {
          "schema_version": 0,
          "attributes": {
            "condition": [],
            "etag": "BwYxq6Bu5+4=",
            "id": "carbonsaurus-dev/roles/monitoring.viewer/serviceAccount:gke-node-sa@carbonsaurus-dev.iam.gserviceaccount.com",
            "member": "serviceAccount:gke-node-sa@carbonsaurus-dev.iam.gserviceaccount.com",
            "project": "carbonsaurus-dev",
            "role": "roles/monitoring.viewer"
          },
          "sensitive_attributes": [],
          "private": "bnVsbA==",
          "dependencies": [
            "module.iam.google_service_account.gke_service_account"
          ]
        }
      ]
    },
    {
      "module": "module.iam",
      "mode": "managed",
      "type": "google_project_service",
      "name": "artifactregistry",
      "provider": "provider[\"registry.terraform.io/hashicorp/google\"]",
      "instances": [
        {
          "schema_version": 0,
          "attributes": {
            "disable_dependent_services": null,
            "disable_on_destroy": false,
            "id": "carbonsaurus-dev/artifactregistry.googleapis.com",
            "project": "carbonsaurus-dev",
            "service": "artifactregistry.googleapis.com",
            "timeouts": null
          },
          "sensitive_attributes": [],
          "private": "eyJlMmJmYjczMC1lY2FhLTExZTYtOGY4OC0zNDM2M2JjN2M0YzAiOnsiY3JlYXRlIjoxMjAwMDAwMDAwMDAwLCJkZWxldGUiOjEyMDAwMDAwMDAwMDAsInJlYWQiOjYwMDAwMDAwMDAwMCwidXBkYXRlIjoxMjAwMDAwMDAwMDAwfX0="
        }
      ]
    },
    {
      "module": "module.iam",
      "mode": "managed",
      "type": "google_project_service",
      "name": "compute",
      "provider": "provider[\"registry.terraform.io/hashicorp/google\"]",
      "instances": [
        {
          "schema_version": 0,
          "attributes": {
            "disable_dependent_services": null,
            "disable_on_destroy": false,
            "id": "carbonsaurus-dev/compute.googleapis.com",
            "project": "carbonsaurus-dev",
            "service": "compute.googleapis.com",
            "timeouts": null
          },
          "sensitive_attributes": [],
          "private": "eyJlMmJmYjczMC1lY2FhLTExZTYtOGY4OC0zNDM2M2JjN2M0YzAiOnsiY3JlYXRlIjoxMjAwMDAwMDAwMDAwLCJkZWxldGUiOjEyMDAwMDAwMDAwMDAsInJlYWQiOjYwMDAwMDAwMDAwMCwidXBkYXRlIjoxMjAwMDAwMDAwMDAwfX0="
        }
      ]
    },
    {
      "module": "module.iam",
      "mode": "managed",
      "type": "google_project_service",
      "name": "container",
      "provider": "provider[\"registry.terraform.io/hashicorp/google\"]",
      "instances": [
        {
          "schema_version": 0,
          "attributes": {
            "disable_dependent_services": null,
            "disable_on_destroy": false,
            "id": "carbonsaurus-dev/container.googleapis.com",
            "project": "carbonsaurus-dev",
            "service": "container.googleapis.com",
            "timeouts": null
          },
          "sensitive_attributes": [],
          "private": "eyJlMmJmYjczMC1lY2FhLTExZTYtOGY4OC0zNDM2M2JjN2M0YzAiOnsiY3JlYXRlIjoxMjAwMDAwMDAwMDAwLCJkZWxldGUiOjEyMDAwMDAwMDAwMDAsInJlYWQiOjYwMDAwMDAwMDAwMCwidXBkYXRlIjoxMjAwMDAwMDAwMDAwfX0="
        }
      ]
    },
    {
      "module": "module.iam",
      "mode": "managed",
      "type": "google_project_service",
      "name": "secretmanager",
      "provider": "provider[\"registry.terraform.io/hashicorp/google\"]",
      "instances": [
        {
          "schema_version": 0,
          "attributes": {
            "disable_dependent_services": null,
            "disable_on_destroy": false,
            "id": "carbonsaurus-dev/secretmanager.googleapis.com",
            "project": "carbonsaurus-dev",
            "service": "secretmanager.googleapis.com",
            "timeouts": null
          },
          "sensitive_attributes": [],
          "private": "eyJlMmJmYjczMC1lY2FhLTExZTYtOGY4OC0zNDM2M2JjN2M0YzAiOnsiY3JlYXRlIjoxMjAwMDAwMDAwMDAwLCJkZWxldGUiOjEyMDAwMDAwMDAwMDAsInJlYWQiOjYwMDAwMDAwMDAwMCwidXBkYXRlIjoxMjAwMDAwMDAwMDAwfX0="
        }
      ]
    },
    {
      "module": "module.iam",
      "mode": "managed",
      "type": "google_project_service",
      "name": "servicenetworking",
      "provider": "provider[\"registry.terraform.io/hashicorp/google\"]",
      "instances": [
        {
          "schema_version": 0,
          "attributes": {
            "disable_dependent_services": null,
            "disable_on_destroy": false,
            "id": "carbonsaurus-dev/servicenetworking.googleapis.com",
            "project": "carbonsaurus-dev",
            "service": "servicenetworking.googleapis.com",
            "timeouts": null
          },
          "sensitive_attributes": [],
          "private": "eyJlMmJmYjczMC1lY2FhLTExZTYtOGY4OC0zNDM2M2JjN2M0YzAiOnsiY3JlYXRlIjoxMjAwMDAwMDAwMDAwLCJkZWxldGUiOjEyMDAwMDAwMDAwMDAsInJlYWQiOjYwMDAwMDAwMDAwMCwidXBkYXRlIjoxMjAwMDAwMDAwMDAwfX0="
        }
      ]
    },
    {
      "module": "module.iam",
      "mode": "managed",
      "type": "google_project_service",
      "name": "sqladmin",
      "provider": "provider[\"registry.terraform.io/hashicorp/google\"]",
      "instances": [
        {
          "schema_version": 0,
          "attributes": {
            "disable_dependent_services": null,
            "disable_on_destroy": false,
            "id": "carbonsaurus-dev/sqladmin.googleapis.com",
            "project": "carbonsaurus-dev",
            "service": "sqladmin.googleapis.com",
            "timeouts": null
          },
          "sensitive_attributes": [],
          "private": "eyJlMmJmYjczMC1lY2FhLTExZTYtOGY4OC0zNDM2M2JjN2M0YzAiOnsiY3JlYXRlIjoxMjAwMDAwMDAwMDAwLCJkZWxldGUiOjEyMDAwMDAwMDAwMDAsInJlYWQiOjYwMDAwMDAwMDAwMCwidXBkYXRlIjoxMjAwMDAwMDAwMDAwfX0="
        }
      ]
    },
    {
      "module": "module.iam",
      "mode": "managed",
      "type": "google_service_account",
      "name": "cloud_sql_proxy",
      "provider": "provider[\"registry.terraform.io/hashicorp/google\"]",
      "instances": [
        {
          "schema_version": 0,
          "attributes": {
            "account_id": "cloud-sql-proxy-sa",
            "create_ignore_already_exists": null,
            "description": "",
            "disabled": false,
            "display_name": "Cloud SQL Proxy Service Account",
            "email": "cloud-sql-proxy-sa@carbonsaurus-dev.iam.gserviceaccount.com",
            "id": "projects/carbonsaurus-dev/serviceAccounts/cloud-sql-proxy-sa@carbonsaurus-dev.iam.gserviceaccount.com",
            "member": "serviceAccount:cloud-sql-proxy-sa@carbonsaurus-dev.iam.gserviceaccount.com",
            "name": "projects/carbonsaurus-dev/serviceAccounts/cloud-sql-proxy-sa@carbonsaurus-dev.iam.gserviceaccount.com",
            "project": "carbonsaurus-dev",
            "timeouts": null,
            "unique_id": "101152992489768553984"
          },
          "sensitive_attributes": [],
          "private": "eyJlMmJmYjczMC1lY2FhLTExZTYtOGY4OC0zNDM2M2JjN2M0YzAiOnsiY3JlYXRlIjozMDAwMDAwMDAwMDB9LCJzY2hlbWFfdmVyc2lvbiI6IjAifQ=="
        }
      ]
    },
    {
      "module": "module.iam",
      "mode": "managed",
      "type": "google_service_account",
      "name": "external_es",
      "provider": "provider[\"registry.terraform.io/hashicorp/google\"]",
      "instances": [
        {
          "schema_version": 0,
          "attributes": {
            "account_id": "external-secrets-sa",
            "create_ignore_already_exists": null,
            "description": "",
            "disabled": false,
            "display_name": "External Secrets Service Account",
            "email": "external-secrets-sa@carbonsaurus-dev.iam.gserviceaccount.com",
            "id": "projects/carbonsaurus-dev/serviceAccounts/external-secrets-sa@carbonsaurus-dev.iam.gserviceaccount.com",
            "member": "serviceAccount:external-secrets-sa@carbonsaurus-dev.iam.gserviceaccount.com",
            "name": "projects/carbonsaurus-dev/serviceAccounts/external-secrets-sa@carbonsaurus-dev.iam.gserviceaccount.com",
            "project": "carbonsaurus-dev",
            "timeouts": null,
            "unique_id": "113159495015372331080"
          },
          "sensitive_attributes": [],
          "private": "eyJlMmJmYjczMC1lY2FhLTExZTYtOGY4OC0zNDM2M2JjN2M0YzAiOnsiY3JlYXRlIjozMDAwMDAwMDAwMDB9LCJzY2hlbWFfdmVyc2lvbiI6IjAifQ=="
        }
      ]
    },
    {
      "module": "module.iam",
      "mode": "managed",
      "type": "google_service_account",
      "name": "gcr_pull",
      "provider": "provider[\"registry.terraform.io/hashicorp/google\"]",
      "instances": [
        {
          "schema_version": 0,
          "attributes": {
            "account_id": "gcr-sa",
            "create_ignore_already_exists": null,
            "description": "",
            "disabled": false,
            "display_name": "Service Account for pulling images from GCR",
            "email": "gcr-sa@carbonsaurus-dev.iam.gserviceaccount.com",
            "id": "projects/carbonsaurus-dev/serviceAccounts/gcr-sa@carbonsaurus-dev.iam.gserviceaccount.com",
            "member": "serviceAccount:gcr-sa@carbonsaurus-dev.iam.gserviceaccount.com",
            "name": "projects/carbonsaurus-dev/serviceAccounts/gcr-sa@carbonsaurus-dev.iam.gserviceaccount.com",
            "project": "carbonsaurus-dev",
            "timeouts": null,
            "unique_id": "117774534167940598638"
          },
          "sensitive_attributes": [],
          "private": "eyJlMmJmYjczMC1lY2FhLTExZTYtOGY4OC0zNDM2M2JjN2M0YzAiOnsiY3JlYXRlIjozMDAwMDAwMDAwMDB9LCJzY2hlbWFfdmVyc2lvbiI6IjAifQ=="
        }
      ]
    },
    {
      "module": "module.iam",
      "mode": "managed",
      "type": "google_service_account",
      "name": "gke_service_account",
      "provider": "provider[\"registry.terraform.io/hashicorp/google\"]",
      "instances": [
        {
          "schema_version": 0,
          "attributes": {
            "account_id": "gke-node-sa",
            "create_ignore_already_exists": null,
            "description": "",
            "disabled": false,
            "display_name": "GKE Node Service Account",
            "email": "gke-node-sa@carbonsaurus-dev.iam.gserviceaccount.com",
            "id": "projects/carbonsaurus-dev/serviceAccounts/gke-node-sa@carbonsaurus-dev.iam.gserviceaccount.com",
            "member": "serviceAccount:gke-node-sa@carbonsaurus-dev.iam.gserviceaccount.com",
            "name": "projects/carbonsaurus-dev/serviceAccounts/gke-node-sa@carbonsaurus-dev.iam.gserviceaccount.com",
            "project": "carbonsaurus-dev",
            "timeouts": null,
            "unique_id": "104064112268644198306"
          },
          "sensitive_attributes": [],
          "private": "eyJlMmJmYjczMC1lY2FhLTExZTYtOGY4OC0zNDM2M2JjN2M0YzAiOnsiY3JlYXRlIjozMDAwMDAwMDAwMDB9fQ=="
        }
      ]
    },
    {
      "module": "module.network",
      "mode": "managed",
      "type": "google_compute_address",
      "name": "nat_ip",
      "provider": "provider[\"registry.terraform.io/hashicorp/google\"]",
      "instances": [
        {
          "schema_version": 0,
          "attributes": {
            "address": "34.47.83.177",
            "address_type": "EXTERNAL",
            "creation_timestamp": "2025-03-19T16:50:41.032-07:00",
            "description": "",
            "effective_labels": {
              "goog-terraform-provisioned": "true"
            },
            "id": "projects/carbonsaurus-dev/regions/asia-northeast3/addresses/carbon-re-dev-vpc-nat-ip",
            "ip_version": "",
            "ipv6_endpoint_type": "",
            "label_fingerprint": "vezUS-42LLM=",
            "labels": {},
            "name": "carbon-re-dev-vpc-nat-ip",
            "network": "",
            "network_tier": "PREMIUM",
            "prefix_length": 0,
            "project": "carbonsaurus-dev",
            "purpose": "",
            "region": "asia-northeast3",
            "self_link": "https://www.googleapis.com/compute/v1/projects/carbonsaurus-dev/regions/asia-northeast3/addresses/carbon-re-dev-vpc-nat-ip",
            "subnetwork": "",
            "terraform_labels": {
              "goog-terraform-provisioned": "true"
            },
            "timeouts": null,
            "users": [
              "https://www.googleapis.com/compute/v1/projects/carbonsaurus-dev/regions/asia-northeast3/routers/carbon-re-dev-vpc-nat-router"
            ]
          },
          "sensitive_attributes": [],
          "private": "eyJlMmJmYjczMC1lY2FhLTExZTYtOGY4OC0zNDM2M2JjN2M0YzAiOnsiY3JlYXRlIjoxMjAwMDAwMDAwMDAwLCJkZWxldGUiOjEyMDAwMDAwMDAwMDAsInVwZGF0ZSI6MTIwMDAwMDAwMDAwMH19",
          "dependencies": [
            "data.terraform_remote_state.base_iam",
            "module.iam.google_project_iam_binding.cloud_sql_proxy",
            "module.iam.google_project_iam_member.gcr_artifact_registry_reader",
            "module.iam.google_project_iam_member.gcr_pull_secret_accessor",
            "module.iam.google_project_iam_member.gke_sa_logging_log_writer",
            "module.iam.google_project_iam_member.gke_sa_monitoring_viewer",
            "module.iam.google_project_service.artifactregistry",
            "module.iam.google_project_service.compute",
            "module.iam.google_project_service.container",
            "module.iam.google_project_service.secretmanager",
            "module.iam.google_project_service.servicenetworking",
            "module.iam.google_project_service.sqladmin",
            "module.iam.google_service_account.cloud_sql_proxy",
            "module.iam.google_service_account.external_es",
            "module.iam.google_service_account.gcr_pull",
            "module.iam.google_service_account.gke_service_account",
            "module.iam.google_service_account_key.cloud_sql_proxy",
            "module.iam.google_service_account_key.external_es_key",
            "module.iam.google_service_account_key.gcr_pull_key"
          ]
        }
      ]
    },
    {
      "module": "module.network",
      "mode": "managed",
      "type": "google_compute_network",
      "name": "carbon_network",
      "provider": "provider[\"registry.terraform.io/hashicorp/google\"]",
      "instances": [
        {
          "schema_version": 0,
          "attributes": {
            "auto_create_subnetworks": false,
            "bgp_always_compare_med": false,
            "bgp_best_path_selection_mode": "LEGACY",
            "bgp_inter_region_cost": "",
            "delete_default_routes_on_create": false,
            "description": "",
            "enable_ula_internal_ipv6": false,
            "gateway_ipv4": "",
            "id": "projects/carbonsaurus-dev/global/networks/carbon-re-dev-vpc",
            "internal_ipv6_range": "",
            "mtu": 0,
            "name": "carbon-re-dev-vpc",
            "network_firewall_policy_enforcement_order": "AFTER_CLASSIC_FIREWALL",
            "network_id": "1269318475809482430",
            "network_profile": "",
            "numeric_id": "1269318475809482430",
            "project": "carbonsaurus-dev",
            "routing_mode": "REGIONAL",
            "self_link": "https://www.googleapis.com/compute/v1/projects/carbonsaurus-dev/global/networks/carbon-re-dev-vpc",
            "timeouts": null
          },
          "sensitive_attributes": [],
          "private": "eyJlMmJmYjczMC1lY2FhLTExZTYtOGY4OC0zNDM2M2JjN2M0YzAiOnsiY3JlYXRlIjoxMjAwMDAwMDAwMDAwLCJkZWxldGUiOjEyMDAwMDAwMDAwMDAsInVwZGF0ZSI6MTIwMDAwMDAwMDAwMH19",
          "dependencies": [
            "data.terraform_remote_state.base_iam",
            "module.iam.google_project_iam_binding.cloud_sql_proxy",
            "module.iam.google_project_iam_member.gcr_artifact_registry_reader",
            "module.iam.google_project_iam_member.gcr_pull_secret_accessor",
            "module.iam.google_project_iam_member.gke_sa_logging_log_writer",
            "module.iam.google_project_iam_member.gke_sa_monitoring_viewer",
            "module.iam.google_project_service.artifactregistry",
            "module.iam.google_project_service.compute",
            "module.iam.google_project_service.container",
            "module.iam.google_project_service.secretmanager",
            "module.iam.google_project_service.servicenetworking",
            "module.iam.google_project_service.sqladmin",
            "module.iam.google_service_account.cloud_sql_proxy",
            "module.iam.google_service_account.external_es",
            "module.iam.google_service_account.gcr_pull",
            "module.iam.google_service_account.gke_service_account",
            "module.iam.google_service_account_key.cloud_sql_proxy",
            "module.iam.google_service_account_key.external_es_key",
            "module.iam.google_service_account_key.gcr_pull_key"
          ]
        }
      ]
    },
    {
      "module": "module.network",
      "mode": "managed",
      "type": "google_compute_router",
      "name": "nat_router",
      "provider": "provider[\"registry.terraform.io/hashicorp/google\"]",
      "instances": [
        {
          "schema_version": 0,
          "attributes": {
            "bgp": [],
            "creation_timestamp": "2025-03-19T16:51:04.196-07:00",
            "description": "",
            "encrypted_interconnect_router": false,
            "id": "projects/carbonsaurus-dev/regions/asia-northeast3/routers/carbon-re-dev-vpc-nat-router",
            "name": "carbon-re-dev-vpc-nat-router",
            "network": "https://www.googleapis.com/compute/v1/projects/carbonsaurus-dev/global/networks/carbon-re-dev-vpc",
            "project": "carbonsaurus-dev",
            "region": "asia-northeast3",
            "self_link": "https://www.googleapis.com/compute/v1/projects/carbonsaurus-dev/regions/asia-northeast3/routers/carbon-re-dev-vpc-nat-router",
            "timeouts": null
          },
          "sensitive_attributes": [],
          "private": "eyJlMmJmYjczMC1lY2FhLTExZTYtOGY4OC0zNDM2M2JjN2M0YzAiOnsiY3JlYXRlIjoxMjAwMDAwMDAwMDAwLCJkZWxldGUiOjEyMDAwMDAwMDAwMDAsInVwZGF0ZSI6MTIwMDAwMDAwMDAwMH19",
          "dependencies": [
            "data.terraform_remote_state.base_iam",
            "module.iam.google_project_iam_binding.cloud_sql_proxy",
            "module.iam.google_project_iam_member.gcr_artifact_registry_reader",
            "module.iam.google_project_iam_member.gcr_pull_secret_accessor",
            "module.iam.google_project_iam_member.gke_sa_logging_log_writer",
            "module.iam.google_project_iam_member.gke_sa_monitoring_viewer",
            "module.iam.google_project_service.artifactregistry",
            "module.iam.google_project_service.compute",
            "module.iam.google_project_service.container",
            "module.iam.google_project_service.secretmanager",
            "module.iam.google_project_service.servicenetworking",
            "module.iam.google_project_service.sqladmin",
            "module.iam.google_service_account.cloud_sql_proxy",
            "module.iam.google_service_account.external_es",
            "module.iam.google_service_account.gcr_pull",
            "module.iam.google_service_account.gke_service_account",
            "module.iam.google_service_account_key.cloud_sql_proxy",
            "module.iam.google_service_account_key.external_es_key",
            "module.iam.google_service_account_key.gcr_pull_key",
            "module.network.google_compute_network.carbon_network"
          ]
        }
      ]
    },
    {
      "module": "module.network",
      "mode": "managed",
      "type": "google_compute_router_nat",
      "name": "nat_config",
      "provider": "provider[\"registry.terraform.io/hashicorp/google\"]",
      "instances": [
        {
          "schema_version": 0,
          "attributes": {
            "auto_network_tier": "",
            "drain_nat_ips": [],
            "enable_dynamic_port_allocation": false,
            "enable_endpoint_independent_mapping": false,
            "endpoint_types": [
              "ENDPOINT_TYPE_VM"
            ],
            "icmp_idle_timeout_sec": 30,
            "id": "carbonsaurus-dev/asia-northeast3/carbon-re-dev-vpc-nat-router/carbon-re-dev-vpc-nat-config",
            "initial_nat_ips": null,
            "log_config": [],
            "max_ports_per_vm": 0,
            "min_ports_per_vm": 0,
            "name": "carbon-re-dev-vpc-nat-config",
            "nat_ip_allocate_option": "MANUAL_ONLY",
            "nat_ips": [
              "https://www.googleapis.com/compute/v1/projects/carbonsaurus-dev/regions/asia-northeast3/addresses/carbon-re-dev-vpc-nat-ip"
            ],
            "project": "carbonsaurus-dev",
            "region": "asia-northeast3",
            "router": "carbon-re-dev-vpc-nat-router",
            "rules": [],
            "source_subnetwork_ip_ranges_to_nat": "LIST_OF_SUBNETWORKS",
            "subnetwork": [
              {
                "name": "https://www.googleapis.com/compute/v1/projects/carbonsaurus-dev/regions/asia-northeast3/subnetworks/private-subnet",
                "secondary_ip_range_names": [],
                "source_ip_ranges_to_nat": [
                  "ALL_IP_RANGES"
                ]
              }
            ],
            "tcp_established_idle_timeout_sec": 1200,
            "tcp_time_wait_timeout_sec": 120,
            "tcp_transitory_idle_timeout_sec": 30,
            "timeouts": null,
            "udp_idle_timeout_sec": 30
          },
          "sensitive_attributes": [],
          "private": "eyJlMmJmYjczMC1lY2FhLTExZTYtOGY4OC0zNDM2M2JjN2M0YzAiOnsiY3JlYXRlIjoxMjAwMDAwMDAwMDAwLCJkZWxldGUiOjEyMDAwMDAwMDAwMDAsInVwZGF0ZSI6MTIwMDAwMDAwMDAwMH19",
          "dependencies": [
            "data.terraform_remote_state.base_iam",
            "module.iam.google_project_iam_binding.cloud_sql_proxy",
            "module.iam.google_project_iam_member.gcr_artifact_registry_reader",
            "module.iam.google_project_iam_member.gcr_pull_secret_accessor",
            "module.iam.google_project_iam_member.gke_sa_logging_log_writer",
            "module.iam.google_project_iam_member.gke_sa_monitoring_viewer",
            "module.iam.google_project_service.artifactregistry",
            "module.iam.google_project_service.compute",
            "module.iam.google_project_service.container",
            "module.iam.google_project_service.secretmanager",
            "module.iam.google_project_service.servicenetworking",
            "module.iam.google_project_service.sqladmin",
            "module.iam.google_service_account.cloud_sql_proxy",
            "module.iam.google_service_account.external_es",
            "module.iam.google_service_account.gcr_pull",
            "module.iam.google_service_account.gke_service_account",
            "module.iam.google_service_account_key.cloud_sql_proxy",
            "module.iam.google_service_account_key.external_es_key",
            "module.iam.google_service_account_key.gcr_pull_key",
            "module.network.google_compute_address.nat_ip",
            "module.network.google_compute_network.carbon_network",
            "module.network.google_compute_router.nat_router",
            "module.network.google_compute_subnetwork.private_subnet"
          ]
        }
      ]
    },
    {
      "module": "module.network",
      "mode": "managed",
      "type": "google_compute_subnetwork",
      "name": "private_subnet",
      "provider": "provider[\"registry.terraform.io/hashicorp/google\"]",
      "instances": [
        {
          "schema_version": 0,
          "attributes": {
            "creation_timestamp": "2025-03-19T16:51:04.642-07:00",
            "description": "",
            "enable_flow_logs": false,
            "external_ipv6_prefix": "",
            "fingerprint": null,
            "gateway_address": "10.0.3.1",
            "id": "projects/carbonsaurus-dev/regions/asia-northeast3/subnetworks/private-subnet",
            "internal_ipv6_prefix": "",
            "ip_cidr_range": "10.0.3.0/24",
            "ip_collection": null,
            "ipv6_access_type": "",
            "ipv6_cidr_range": "",
            "ipv6_gce_endpoint": "",
            "log_config": [],
            "name": "private-subnet",
            "network": "https://www.googleapis.com/compute/v1/projects/carbonsaurus-dev/global/networks/carbon-re-dev-vpc",
            "private_ip_google_access": true,
            "private_ipv6_google_access": "DISABLE_GOOGLE_ACCESS",
            "project": "carbonsaurus-dev",
            "purpose": "PRIVATE",
            "region": "asia-northeast3",
            "reserved_internal_range": "",
            "role": "",
            "secondary_ip_range": [
              {
                "ip_cidr_range": "10.10.0.0/16",
                "range_name": "pod-ip-range",
                "reserved_internal_range": ""
              },
              {
                "ip_cidr_range": "10.20.0.0/16",
                "range_name": "service-ip-range",
                "reserved_internal_range": ""
              }
            ],
            "self_link": "https://www.googleapis.com/compute/v1/projects/carbonsaurus-dev/regions/asia-northeast3/subnetworks/private-subnet",
            "send_secondary_ip_range_if_empty": null,
            "stack_type": "IPV4_ONLY",
            "state": "",
            "subnetwork_id": 7648241171259909767,
            "timeouts": null
          },
          "sensitive_attributes": [],
          "private": "eyJlMmJmYjczMC1lY2FhLTExZTYtOGY4OC0zNDM2M2JjN2M0YzAiOnsiY3JlYXRlIjoxMjAwMDAwMDAwMDAwLCJkZWxldGUiOjEyMDAwMDAwMDAwMDAsInVwZGF0ZSI6MTIwMDAwMDAwMDAwMH19",
          "dependencies": [
            "data.terraform_remote_state.base_iam",
            "module.iam.google_project_iam_binding.cloud_sql_proxy",
            "module.iam.google_project_iam_member.gcr_artifact_registry_reader",
            "module.iam.google_project_iam_member.gcr_pull_secret_accessor",
            "module.iam.google_project_iam_member.gke_sa_logging_log_writer",
            "module.iam.google_project_iam_member.gke_sa_monitoring_viewer",
            "module.iam.google_project_service.artifactregistry",
            "module.iam.google_project_service.compute",
            "module.iam.google_project_service.container",
            "module.iam.google_project_service.secretmanager",
            "module.iam.google_project_service.servicenetworking",
            "module.iam.google_project_service.sqladmin",
            "module.iam.google_service_account.cloud_sql_proxy",
            "module.iam.google_service_account.external_es",
            "module.iam.google_service_account.gcr_pull",
            "module.iam.google_service_account.gke_service_account",
            "module.iam.google_service_account_key.cloud_sql_proxy",
            "module.iam.google_service_account_key.external_es_key",
            "module.iam.google_service_account_key.gcr_pull_key",
            "module.network.google_compute_network.carbon_network"
          ]
        }
      ]
    },
    {
      "module": "module.network",
      "mode": "managed",
      "type": "google_compute_subnetwork",
      "name": "public_subnet",
      "provider": "provider[\"registry.terraform.io/hashicorp/google\"]",
      "instances": [
        {
          "schema_version": 0,
          "attributes": {
            "creation_timestamp": "2025-03-19T16:51:04.892-07:00",
            "description": "",
            "enable_flow_logs": false,
            "external_ipv6_prefix": "",
            "fingerprint": null,
            "gateway_address": "10.0.0.1",
            "id": "projects/carbonsaurus-dev/regions/asia-northeast3/subnetworks/public-subnet",
            "internal_ipv6_prefix": "",
            "ip_cidr_range": "10.0.0.0/24",
            "ip_collection": null,
            "ipv6_access_type": "",
            "ipv6_cidr_range": "",
            "ipv6_gce_endpoint": "",
            "log_config": [],
            "name": "public-subnet",
            "network": "https://www.googleapis.com/compute/v1/projects/carbonsaurus-dev/global/networks/carbon-re-dev-vpc",
            "private_ip_google_access": false,
            "private_ipv6_google_access": "DISABLE_GOOGLE_ACCESS",
            "project": "carbonsaurus-dev",
            "purpose": "PRIVATE",
            "region": "asia-northeast3",
            "reserved_internal_range": "",
            "role": "",
            "secondary_ip_range": [],
            "self_link": "https://www.googleapis.com/compute/v1/projects/carbonsaurus-dev/regions/asia-northeast3/subnetworks/public-subnet",
            "send_secondary_ip_range_if_empty": null,
            "stack_type": "IPV4_ONLY",
            "state": "",
            "subnetwork_id": 3202133318983673479,
            "timeouts": null
          },
          "sensitive_attributes": [],
          "private": "eyJlMmJmYjczMC1lY2FhLTExZTYtOGY4OC0zNDM2M2JjN2M0YzAiOnsiY3JlYXRlIjoxMjAwMDAwMDAwMDAwLCJkZWxldGUiOjEyMDAwMDAwMDAwMDAsInVwZGF0ZSI6MTIwMDAwMDAwMDAwMH19",
          "dependencies": [
            "data.terraform_remote_state.base_iam",
            "module.iam.google_project_iam_binding.cloud_sql_proxy",
            "module.iam.google_project_iam_member.gcr_artifact_registry_reader",
            "module.iam.google_project_iam_member.gcr_pull_secret_accessor",
            "module.iam.google_project_iam_member.gke_sa_logging_log_writer",
            "module.iam.google_project_iam_member.gke_sa_monitoring_viewer",
            "module.iam.google_project_service.artifactregistry",
            "module.iam.google_project_service.compute",
            "module.iam.google_project_service.container",
            "module.iam.google_project_service.secretmanager",
            "module.iam.google_project_service.servicenetworking",
            "module.iam.google_project_service.sqladmin",
            "module.iam.google_service_account.cloud_sql_proxy",
            "module.iam.google_service_account.external_es",
            "module.iam.google_service_account.gcr_pull",
            "module.iam.google_service_account.gke_service_account",
            "module.iam.google_service_account_key.cloud_sql_proxy",
            "module.iam.google_service_account_key.external_es_key",
            "module.iam.google_service_account_key.gcr_pull_key",
            "module.network.google_compute_network.carbon_network"
          ]
        }
      ]
    },
    {
      "module": "module.node_key_secret",
      "mode": "managed",
      "type": "google_secret_manager_secret",
      "name": "secret",
      "provider": "provider[\"registry.terraform.io/hashicorp/google\"]",
      "instances": [
        {
          "schema_version": 0,
          "attributes": {
            "annotations": {},
            "create_time": "2025-03-19T23:50:41.064012Z",
            "effective_annotations": {},
            "effective_labels": {
              "goog-terraform-provisioned": "true"
            },
            "expire_time": "",
            "id": "projects/carbonsaurus-dev/secrets/carbon-re-dev-node-key",
            "labels": {},
            "name": "projects/554163312723/secrets/carbon-re-dev-node-key",
            "project": "carbonsaurus-dev",
            "replication": [
              {
                "auto": [
                  {
                    "customer_managed_encryption": []
                  }
                ],
                "user_managed": []
              }
            ],
            "rotation": [],
            "secret_id": "carbon-re-dev-node-key",
            "terraform_labels": {
              "goog-terraform-provisioned": "true"
            },
            "timeouts": null,
            "topics": [],
            "ttl": null,
            "version_aliases": {},
            "version_destroy_ttl": ""
          },
          "sensitive_attributes": [],
          "private": "eyJlMmJmYjczMC1lY2FhLTExZTYtOGY4OC0zNDM2M2JjN2M0YzAiOnsiY3JlYXRlIjoxMjAwMDAwMDAwMDAwLCJkZWxldGUiOjEyMDAwMDAwMDAwMDAsInVwZGF0ZSI6MTIwMDAwMDAwMDAwMH19",
          "dependencies": [
            "data.terraform_remote_state.base_iam",
            "module.iam.google_project_iam_binding.cloud_sql_proxy",
            "module.iam.google_project_iam_member.gcr_artifact_registry_reader",
            "module.iam.google_project_iam_member.gcr_pull_secret_accessor",
            "module.iam.google_project_iam_member.gke_sa_logging_log_writer",
            "module.iam.google_project_iam_member.gke_sa_monitoring_viewer",
            "module.iam.google_project_service.artifactregistry",
            "module.iam.google_project_service.compute",
            "module.iam.google_project_service.container",
            "module.iam.google_project_service.secretmanager",
            "module.iam.google_project_service.servicenetworking",
            "module.iam.google_project_service.sqladmin",
            "module.iam.google_service_account.cloud_sql_proxy",
            "module.iam.google_service_account.external_es",
            "module.iam.google_service_account.gcr_pull",
            "module.iam.google_service_account.gke_service_account",
            "module.iam.google_service_account_key.cloud_sql_proxy",
            "module.iam.google_service_account_key.external_es_key",
            "module.iam.google_service_account_key.gcr_pull_key"
          ]
        }
      ]
    },
    {
      "module": "module.node_key_secret",
      "mode": "managed",
      "type": "google_secret_manager_secret_version",
      "name": "secret_version",
      "provider": "provider[\"registry.terraform.io/hashicorp/google\"]",
      "instances": [
        {
          "schema_version": 0,
          "attributes": {
            "create_time": "2025-03-19T23:50:42.867340Z",
            "deletion_policy": "DELETE",
            "destroy_time": "",
            "enabled": true,
            "id": "projects/554163312723/secrets/carbon-re-dev-node-key/versions/1",
            "is_secret_data_base64": false,
            "name": "projects/554163312723/secrets/carbon-re-dev-node-key/versions/1",
            "secret": "projects/carbonsaurus-dev/secrets/carbon-re-dev-node-key",
            "secret_data": "-----BEGIN RSA PRIVATE KEY-----\nMIIJKAIBAAKCAgEAsincCHgA5MYgR8znl/punTQ8rsGibin2pyoqdFRF9/+kdbQC\n2qozpXSpeOaTw2HmORTybb2/3XUBknP0XIrVstnYM20b0DCz5Qfx0lG8hkAh3sEw\naY3e6XCwKA0s2xoAMcpp7kBM0dpV8G7Q9Kuc1sXwiOe0iQeeHpMJL3yjLUXMvQhK\n3bH3lrYd94fle/Rkhilygi6eP6GmCUuiXEeiRVuwSuS7FxbVAK7Aoy/At7SE1FV0\nKHAD4p199qgBFgqmNUFbYMUP2b51Dz0ECbrVBq3HOjvthWju/uinlTiUzZ1by5/+\nu7f62Sfb7W2UGNw0M319DjoA7KiuXqwh9m3e08nhQAtXrikYveji146/m9J89ITC\neYZBh8Wp6hxRstRoUxCun47wXfhZd8J9PvvjTqI86q109KDqFQKAEOx6Ns2tg8s4\nUj1nPZ8JvOHNhXt8eYqyKNomCzAhtnR9LuxVYgVHO6lIwYenUPRkUzfy38F9DgnW\njVRxYLLUkYdfiK3akNTuFttRdBcSZGrkVsSmdHBaimPVsA5AvV7ZQqI7WFbrod5p\nuyxbBGjNcRVsXw+GiDSj20JzDOcgBsYDV5NtLVKsdGoFuwbAqFC+AwNkt8qNZ0Ux\nVaHNoEt7jgTbIMYEIfZ+3Jwt9Tw3dLlAP/wclqWMuogF9wWHKlMw1mR6iBcCAwEA\nAQKCAgBbvehayAiVxVwL/PxoqwFYm/R/fKA6oAstyy2vV1HsQUybe4VYufn8QhWe\ndwUxv/DABgRL9ECfNcgIdQMowCkIftqwqIeA7gNEdZHVXld4vf9y6AIY6IAXrvpW\ntWoarMna2cMwdxXXndlRBI8+3jvV8HlK1h2FzlFipw480K5p+p5R3LpIbIL0rXTC\n6MyHxrIYz7DyTjUYyRFpifPiFtT9aBhgiGW6nvwx7MqvfUB8mE0p1ZMJ25x0jeq2\nH47nnbY2iCAYtYDS/BrlLOMua3GUjdmgKAnH/9/JjV32Hfup4VTKhumyGivmtHqw\nSRPQtVuABCdoMwAU3Utk3rhiX/M0OSDFwuJR98fNcvf2PuV4H8ilDHmxeK0qCU6Q\nwSJH11ETsy64o//SMTGkmWQkFNhUxIokwuxb+ZQqg7Da4hAWp5YThhGZ6eNOMjEv\nLWrJrN7vseaAa3WD1/Ikd1ZUeswSoA5nlX6hADL+h4nLeV2q6st+1vUzYwCjRMfT\nifzfEJ5ZAB/KXZDdAnsbsOztRGrVJy+VymmWUfzdGJObds869AvzpeU8KL0tEBUv\nWfkT0BtUkINcvltGmDqo6/DvL/315FWYxBx7Do3OyYDFtsMfW+t83tVR6iTu9yD6\nyoq9Zt/vYf2pS3E2hDGPp94l91/z7rX7Yddm962qygkHkwI+qQKCAQEAxoB2nXs3\nzjAbyxTsPaPSE7PudzEZRu/bhrsM5aXRplNyGCWuiwbVfvVXP5rq7Cjd5ab6dPf5\n10c2A6+LsL8D1bRK2UxXSy7EDliv/ub7rl3AkSpKrA1RjqLsap9/exWYe1aVECUE\nOSSDBwtrxjk4jd97wGuAH0q+PRimdJ3ziA22/xB+xufDoP6VsJy5K6H1MeQngUMB\n/I1RNbdbeOWm+705qQZPxI1OnUEdq23YTyDcVju2Z5A3IMZGXJzqWOkSozyNdjeD\nKQcctbzbgg3y9CwnAAVd2hZI81xs+Tpi7PkrQWdO0FuZKD1lIDfXgkpSJA5UH8Eg\nlG1A/P0cwobigwKCAQEA5cU/SSE8oi/sZh4ERI5dXyrQcVyf0lX0FJGtz9JyQUoh\no2kqZ4ipBHTTNgqTSii2HD56jF036jtJE7251ZSNIQmu1AKCqTxCcz2LlK7Zi+CB\nsqOuzJDQh3AdcvJjdiFZfqT8C8xarThvSCuZ6mCR+v/F7Ym2BZRuJvgnt043ab5d\nZLV74WGLmVP1t/3hLXMGujCWxbiYmrkM8nx0f39LoqIZ8FXNcgEFu6GSDo8CHnXy\nDej3D7LcybOc0HZycMygPV1mRJ+YIWJT/6/4A4GFmfO8T85BDGZSyN7ikmjPvPrs\n3Iu01v3pENP9F7Xpw+m+VliVdMWjsRkqHVjvzY5/3QKCAQBv3hn66mQq2UXwj1wL\n6PUNkYvEtHDwX2Cyb1v3WBnsyH42SZYyV6meIRoIiH/4k5dqQ05G+TFeN42jSh1J\ngHzixPahu7o+bp6jDywwVXBldgR+Sv1GNUNPRVZDSJwJe8QxTjw3mwTkR0VohPE6\nByluGxKdAHh2KiNIP0of0pxagpAs8tjfs+G2K4Okws5AXsfWVCRHXsIR2Hp58Vml\nqpcOrDeAoEP4G0LAsN/NqtwKzBQgrQpBFy9aUyN4Mh6H+OI+CHQYuXQ7fPybF1IF\n22KeZPudsWiQ7ZozPFVVp6f0sP/Fnjj2h4iq+t6w54eWr9fW5hRWyPpZa7ECYosA\nvg+NAoIBAHET8sJNviZfiWr0KMuIeMFGM9EmcW01aerZiv21Jw+kqQtfzUOoyO1t\nhSiaacRcZstdoDgGBGedB6jUfWl0M0RoHIcwOReKlXVbe58PsfaZ5ZqB3ZvFRSry\nbTvNuE9BuGaQUY6I4rNPC80r0BK9tfod+E2fsVnro45AIGOg9bpvuky+2BmiRO6P\nmGUVZ8VTT6NAGGN0Jn42xf1sbHT2s8V1G2jhATuy7xxZNqU9kiBlkVtxJG2wa+JE\nJ8+cC1QiEFZC6fqpxFfhqU8zTc6D5rlOb4WjDvZIQUOkFUNSm7H4l6sugjAwQ4xJ\nl8wcddA577dU3zDZt2aH6OcKhvHVyG0CggEBAI5uQRR7AXZpdVrZky11l6jgH+bZ\nveo587uds9jpMcoUyAEDlGJ1UGaIbreQiP4oLtBiJ64feg4NzCstmS4A8dISxsd1\nXhkYrI5nfKIk3qA0DUfqyTNVhm6UEkgxCiEgNVluBidb3IubxvFYShTfOefo3CDi\nfcrLcX484sKf5ke2PKsLi/UgaPHRGlFJw6ziARkbLs5xR55j7zTemwCKIAcmrnfu\ny3Oc15h3KIzNX8n/805off60GXiN9pvGOC91vzBJbRWfb14T285DxJcVuCd1wSsP\nvbXsyJIXrdfqDSEhLobiOjyNiIRYZPaY/zzzcZ26IVt0XGrSD18/hbWFDeo=\n-----END RSA PRIVATE KEY-----\n",
            "secret_data_wo": null,
            "secret_data_wo_version": 0,
            "timeouts": null,
            "version": "1"
          },
          "sensitive_attributes": [
            [
              {
                "type": "get_attr",
                "value": "secret_data"
              }
            ]
          ],
          "private": "eyJlMmJmYjczMC1lY2FhLTExZTYtOGY4OC0zNDM2M2JjN2M0YzAiOnsiY3JlYXRlIjoxMjAwMDAwMDAwMDAwLCJkZWxldGUiOjEyMDAwMDAwMDAwMDAsInVwZGF0ZSI6MTIwMDAwMDAwMDAwMH19",
          "dependencies": [
            "data.terraform_remote_state.base_iam",
            "module.iam.google_project_iam_binding.cloud_sql_proxy",
            "module.iam.google_project_iam_member.gcr_artifact_registry_reader",
            "module.iam.google_project_iam_member.gcr_pull_secret_accessor",
            "module.iam.google_project_iam_member.gke_sa_logging_log_writer",
            "module.iam.google_project_iam_member.gke_sa_monitoring_viewer",
            "module.iam.google_project_service.artifactregistry",
            "module.iam.google_project_service.compute",
            "module.iam.google_project_service.container",
            "module.iam.google_project_service.secretmanager",
            "module.iam.google_project_service.servicenetworking",
            "module.iam.google_project_service.sqladmin",
            "module.iam.google_service_account.cloud_sql_proxy",
            "module.iam.google_service_account.external_es",
            "module.iam.google_service_account.gcr_pull",
            "module.iam.google_service_account.gke_service_account",
            "module.iam.google_service_account_key.cloud_sql_proxy",
            "module.iam.google_service_account_key.external_es_key",
            "module.iam.google_service_account_key.gcr_pull_key",
            "module.node_key_secret.google_secret_manager_secret.secret",
            "tls_private_key.node_key"
          ]
        }
      ]
    },
    {
      "module": "module.vpc_peering",
      "mode": "managed",
      "type": "google_compute_global_address",
      "name": "private_ip_address",
      "provider": "provider[\"registry.terraform.io/hashicorp/google\"]",
      "instances": [
        {
          "schema_version": 0,
          "attributes": {
            "address": "10.89.148.0",
            "address_type": "INTERNAL",
            "creation_timestamp": "2025-03-19T16:51:03.918-07:00",
            "description": "",
            "effective_labels": {
              "goog-terraform-provisioned": "true"
            },
            "id": "projects/carbonsaurus-dev/global/addresses/carbon-re-dev-peering-private-ip",
            "ip_version": "",
            "label_fingerprint": "vezUS-42LLM=",
            "labels": {},
            "name": "carbon-re-dev-peering-private-ip",
            "network": "https://www.googleapis.com/compute/v1/projects/carbonsaurus-dev/global/networks/carbon-re-dev-vpc",
            "prefix_length": 24,
            "project": "carbonsaurus-dev",
            "purpose": "VPC_PEERING",
            "self_link": "https://www.googleapis.com/compute/v1/projects/carbonsaurus-dev/global/addresses/carbon-re-dev-peering-private-ip",
            "terraform_labels": {
              "goog-terraform-provisioned": "true"
            },
            "timeouts": null
          },
          "sensitive_attributes": [],
          "private": "eyJlMmJmYjczMC1lY2FhLTExZTYtOGY4OC0zNDM2M2JjN2M0YzAiOnsiY3JlYXRlIjoxMjAwMDAwMDAwMDAwLCJkZWxldGUiOjEyMDAwMDAwMDAwMDAsInVwZGF0ZSI6MTIwMDAwMDAwMDAwMH19",
          "dependencies": [
            "data.terraform_remote_state.base_iam",
            "module.iam.google_project_iam_binding.cloud_sql_proxy",
            "module.iam.google_project_iam_member.gcr_artifact_registry_reader",
            "module.iam.google_project_iam_member.gcr_pull_secret_accessor",
            "module.iam.google_project_iam_member.gke_sa_logging_log_writer",
            "module.iam.google_project_iam_member.gke_sa_monitoring_viewer",
            "module.iam.google_project_service.artifactregistry",
            "module.iam.google_project_service.compute",
            "module.iam.google_project_service.container",
            "module.iam.google_project_service.secretmanager",
            "module.iam.google_project_service.servicenetworking",
            "module.iam.google_project_service.sqladmin",
            "module.iam.google_service_account.cloud_sql_proxy",
            "module.iam.google_service_account.external_es",
            "module.iam.google_service_account.gcr_pull",
            "module.iam.google_service_account.gke_service_account",
            "module.iam.google_service_account_key.cloud_sql_proxy",
            "module.iam.google_service_account_key.external_es_key",
            "module.iam.google_service_account_key.gcr_pull_key",
            "module.network.google_compute_network.carbon_network"
          ]
        }
      ]
    },
    {
      "module": "module.vpc_peering",
      "mode": "managed",
      "type": "google_service_networking_connection",
      "name": "private_connection",
      "provider": "provider[\"registry.terraform.io/hashicorp/google\"]",
      "instances": [
        {
          "schema_version": 0,
          "attributes": {
            "deletion_policy": null,
            "id": "https%3A%2F%2Fwww.googleapis.com%2Fcompute%2Fv1%2Fprojects%2Fcarbonsaurus-dev%2Fglobal%2Fnetworks%2Fcarbon-re-dev-vpc:servicenetworking.googleapis.com",
            "network": "https://www.googleapis.com/compute/v1/projects/carbonsaurus-dev/global/networks/carbon-re-dev-vpc",
            "peering": "servicenetworking-googleapis-com",
            "reserved_peering_ranges": [
              "carbon-re-dev-peering-private-ip"
            ],
            "service": "servicenetworking.googleapis.com",
            "timeouts": null,
            "update_on_creation_fail": null
          },
          "sensitive_attributes": [],
          "private": "eyJlMmJmYjczMC1lY2FhLTExZTYtOGY4OC0zNDM2M2JjN2M0YzAiOnsiY3JlYXRlIjo2MDAwMDAwMDAwMDAsImRlbGV0ZSI6NjAwMDAwMDAwMDAwLCJ1cGRhdGUiOjYwMDAwMDAwMDAwMH19",
          "dependencies": [
            "data.terraform_remote_state.base_iam",
            "module.iam.google_project_iam_binding.cloud_sql_proxy",
            "module.iam.google_project_iam_member.gcr_artifact_registry_reader",
            "module.iam.google_project_iam_member.gcr_pull_secret_accessor",
            "module.iam.google_project_iam_member.gke_sa_logging_log_writer",
            "module.iam.google_project_iam_member.gke_sa_monitoring_viewer",
            "module.iam.google_project_service.artifactregistry",
            "module.iam.google_project_service.compute",
            "module.iam.google_project_service.container",
            "module.iam.google_project_service.secretmanager",
            "module.iam.google_project_service.servicenetworking",
            "module.iam.google_project_service.sqladmin",
            "module.iam.google_service_account.cloud_sql_proxy",
            "module.iam.google_service_account.external_es",
            "module.iam.google_service_account.gcr_pull",
            "module.iam.google_service_account.gke_service_account",
            "module.iam.google_service_account_key.cloud_sql_proxy",
            "module.iam.google_service_account_key.external_es_key",
            "module.iam.google_service_account_key.gcr_pull_key",
            "module.network.google_compute_network.carbon_network",
            "module.vpc_peering.google_compute_global_address.private_ip_address"
          ]
        }
      ]
    }
  ],
  "check_results": null
}
